// !$*UTF8*$!
{
	archiveVersion = 1;
	classes = {
	};
	objectVersion = 56;
	objects = {

/* Begin PBXBuildFile section */
		001 /* RenaissanceArchitectAcademyApp.swift in Sources */ = {isa = PBXBuildFile; fileRef = 101 /* RenaissanceArchitectAcademyApp.swift */; };
		002 /* ContentView.swift in Sources */ = {isa = PBXBuildFile; fileRef = 102 /* ContentView.swift */; };
		003 /* MainMenuView.swift in Sources */ = {isa = PBXBuildFile; fileRef = 103 /* MainMenuView.swift */; };
		004 /* CityView.swift in Sources */ = {isa = PBXBuildFile; fileRef = 104 /* CityView.swift */; };
		005 /* BuildingPlotView.swift in Sources */ = {isa = PBXBuildFile; fileRef = 105 /* BuildingPlotView.swift */; };
		006 /* BuildingDetailOverlay.swift in Sources */ = {isa = PBXBuildFile; fileRef = 106 /* BuildingDetailOverlay.swift */; };
		007 /* CityViewModel.swift in Sources */ = {isa = PBXBuildFile; fileRef = 107 /* CityViewModel.swift */; };
		008 /* Building.swift in Sources */ = {isa = PBXBuildFile; fileRef = 108 /* Building.swift */; };
		009 /* RenaissanceColors.swift in Sources */ = {isa = PBXBuildFile; fileRef = 109 /* RenaissanceColors.swift */; };
		010 /* RenaissanceButton.swift in Sources */ = {isa = PBXBuildFile; fileRef = 110 /* RenaissanceButton.swift */; };
		011 /* SidebarView.swift in Sources */ = {isa = PBXBuildFile; fileRef = 111 /* SidebarView.swift */; };
		015 /* SoundManager.swift in Sources */ = {isa = PBXBuildFile; fileRef = 115 /* SoundManager.swift */; };
		016 /* BloomEffectView.swift in Sources */ = {isa = PBXBuildFile; fileRef = 116 /* BloomEffectView.swift */; };
		017 /* ProfileView.swift in Sources */ = {isa = PBXBuildFile; fileRef = 117 /* ProfileView.swift */; };
		018 /* StudentProfile.swift in Sources */ = {isa = PBXBuildFile; fileRef = 118 /* StudentProfile.swift */; };
		019 /* ScienceIconView.swift in Sources */ = {isa = PBXBuildFile; fileRef = 119 /* ScienceIconView.swift */; };
		020 /* Challenge.swift in Sources */ = {isa = PBXBuildFile; fileRef = 120 /* Challenge.swift */; };
		021 /* ChallengeView.swift in Sources */ = {isa = PBXBuildFile; fileRef = 121 /* ChallengeView.swift */; };
		022 /* DragDropEquationView.swift in Sources */ = {isa = PBXBuildFile; fileRef = 122 /* DragDropEquationView.swift */; };
		023 /* InteractiveChallengeView.swift in Sources */ = {isa = PBXBuildFile; fileRef = 123 /* InteractiveChallengeView.swift */; };
		024 /* HydraulicsFlowView.swift in Sources */ = {isa = PBXBuildFile; fileRef = 124 /* HydraulicsFlowView.swift */; };
		025 /* Material.swift in Sources */ = {isa = PBXBuildFile; fileRef = 125 /* Material.swift */; };
		026 /* CraftedItem.swift in Sources */ = {isa = PBXBuildFile; fileRef = 126 /* CraftedItem.swift */; };
		027 /* Recipe.swift in Sources */ = {isa = PBXBuildFile; fileRef = 127 /* Recipe.swift */; };
		028 /* WorkshopState.swift in Sources */ = {isa = PBXBuildFile; fileRef = 128 /* WorkshopState.swift */; };
		029 /* WorkshopView.swift in Sources */ = {isa = PBXBuildFile; fileRef = 129 /* WorkshopView.swift */; };
		544299832F32E0F700F92073 /* Pow in Frameworks */ = {isa = PBXBuildFile; productRef = 544299822F32E0F700F92073 /* Pow */; };
		544299862F32E11600F92073 /* Subsonic in Frameworks */ = {isa = PBXBuildFile; productRef = 544299852F32E11600F92073 /* Subsonic */; };
		544299892F32E14D00F92073 /* Vortex in Frameworks */ = {isa = PBXBuildFile; productRef = 544299882F32E14D00F92073 /* Vortex */; };
		5442999A2F3646ED00F92073 /* BuildingNode.swift in Sources */ = {isa = PBXBuildFile; fileRef = 544299972F3646ED00F92073 /* BuildingNode.swift */; };
		5442999B2F3646ED00F92073 /* CityMapView.swift in Sources */ = {isa = PBXBuildFile; fileRef = 544299982F3646ED00F92073 /* CityMapView.swift */; };
		5442999C2F3646ED00F92073 /* CityScene.swift in Sources */ = {isa = PBXBuildFile; fileRef = 544299992F3646ED00F92073 /* CityScene.swift */; };
		544299A72F369AB700F92073 /* MascotDialogueView.swift in Sources */ = {isa = PBXBuildFile; fileRef = 544299A52F369AB700F92073 /* MascotDialogueView.swift */; };
		544299A82F369AB700F92073 /* MaterialPuzzleView.swift in Sources */ = {isa = PBXBuildFile; fileRef = 544299A62F369AB700F92073 /* MaterialPuzzleView.swift */; };
		544299AE2F36A8D000F92073 /* MascotNode.swift in Sources */ = {isa = PBXBuildFile; fileRef = 544299AD2F36A8D000F92073 /* MascotNode.swift */; };
		544299B12F38000100F92073 /* PlayerNode.swift in Sources */ = {isa = PBXBuildFile; fileRef = 544299B02F38000100F92073 /* PlayerNode.swift */; };
		544299B32F38000100F92073 /* ResourceNode.swift in Sources */ = {isa = PBXBuildFile; fileRef = 544299B22F38000100F92073 /* ResourceNode.swift */; };
		544299B52F38000100F92073 /* WorkshopScene.swift in Sources */ = {isa = PBXBuildFile; fileRef = 544299B42F38000100F92073 /* WorkshopScene.swift */; };
		544299B72F38000100F92073 /* WorkshopMapView.swift in Sources */ = {isa = PBXBuildFile; fileRef = 544299B62F38000100F92073 /* WorkshopMapView.swift */; };
		544299C02F3A000100F92073 /* SceneEditorMode.swift in Sources */ = {isa = PBXBuildFile; fileRef = 544299BF2F3A000100F92073 /* SceneEditorMode.swift */; };
		074 /* CraftingRoomScene.swift in Sources */ = {isa = PBXBuildFile; fileRef = 174 /* CraftingRoomScene.swift */; };
		075 /* CraftingRoomMapView.swift in Sources */ = {isa = PBXBuildFile; fileRef = 175 /* CraftingRoomMapView.swift */; };
		030 /* MoleculeView.swift in Sources */ = {isa = PBXBuildFile; fileRef = 130 /* MoleculeView.swift */; };
		031 /* HintOverlayView.swift in Sources */ = {isa = PBXBuildFile; fileRef = 131 /* HintOverlayView.swift */; };
		032 /* SketchingChallenge.swift in Sources */ = {isa = PBXBuildFile; fileRef = 132 /* SketchingChallenge.swift */; };
		033 /* SketchingContent.swift in Sources */ = {isa = PBXBuildFile; fileRef = 133 /* SketchingContent.swift */; };
		034 /* SketchingChallengeView.swift in Sources */ = {isa = PBXBuildFile; fileRef = 134 /* SketchingChallengeView.swift */; };
		035 /* KnowledgeTestsView.swift in Sources */ = {isa = PBXBuildFile; fileRef = 135 /* KnowledgeTestsView.swift */; };
		036 /* PiantaCanvasView.swift in Sources */ = {isa = PBXBuildFile; fileRef = 136 /* PiantaCanvasView.swift */; };
		037 /* SketchingToolbarView.swift in Sources */ = {isa = PBXBuildFile; fileRef = 137 /* SketchingToolbarView.swift */; };
		038 /* GameTopBarView.swift in Sources */ = {isa = PBXBuildFile; fileRef = 138 /* GameTopBarView.swift */; };
		039 /* OnboardingState.swift in Sources */ = {isa = PBXBuildFile; fileRef = 139 /* OnboardingState.swift */; };
		040 /* OnboardingContent.swift in Sources */ = {isa = PBXBuildFile; fileRef = 140 /* OnboardingContent.swift */; };
		041 /* OnboardingView.swift in Sources */ = {isa = PBXBuildFile; fileRef = 141 /* OnboardingView.swift */; };
		042 /* CharacterSelectView.swift in Sources */ = {isa = PBXBuildFile; fileRef = 142 /* CharacterSelectView.swift */; };
		043 /* StoryNarrativeView.swift in Sources */ = {isa = PBXBuildFile; fileRef = 143 /* StoryNarrativeView.swift */; };
		044 /* StationLessonOverlay.swift in Sources */ = {isa = PBXBuildFile; fileRef = 144 /* StationLessonOverlay.swift */; };
		046 /* AvatarTransitionView.swift in Sources */ = {isa = PBXBuildFile; fileRef = 146 /* AvatarTransitionView.swift */; };
		049 /* ForestScene.swift in Sources */ = {isa = PBXBuildFile; fileRef = 149 /* ForestScene.swift */; };
		050 /* ForestMapView.swift in Sources */ = {isa = PBXBuildFile; fileRef = 150 /* ForestMapView.swift */; };
		051 /* BuildingProgress.swift in Sources */ = {isa = PBXBuildFile; fileRef = 151 /* BuildingProgress.swift */; };
		052 /* BuildingLessonView.swift in Sources */ = {isa = PBXBuildFile; fileRef = 152 /* BuildingLessonView.swift */; };
		053 /* BuildingChecklistView.swift in Sources */ = {isa = PBXBuildFile; fileRef = 153 /* BuildingChecklistView.swift */; };
		054 /* BuildingLesson.swift in Sources */ = {isa = PBXBuildFile; fileRef = 154 /* BuildingLesson.swift */; };
		055 /* LessonContent.swift in Sources */ = {isa = PBXBuildFile; fileRef = 155 /* LessonContent.swift */; };
		056 /* NotebookEntry.swift in Sources */ = {isa = PBXBuildFile; fileRef = 156 /* NotebookEntry.swift */; };
		057 /* NotebookContent.swift in Sources */ = {isa = PBXBuildFile; fileRef = 157 /* NotebookContent.swift */; };
		058 /* NotebookState.swift in Sources */ = {isa = PBXBuildFile; fileRef = 158 /* NotebookState.swift */; };
		059 /* NotebookView.swift in Sources */ = {isa = PBXBuildFile; fileRef = 159 /* NotebookView.swift */; };
		060 /* NotebookCanvasView.swift in Sources */ = {isa = PBXBuildFile; fileRef = 160 /* NotebookCanvasView.swift */; };
		061 /* PlayerSave.swift in Sources */ = {isa = PBXBuildFile; fileRef = 161 /* PlayerSave.swift */; };
		062 /* BuildingProgressRecord.swift in Sources */ = {isa = PBXBuildFile; fileRef = 162 /* BuildingProgressRecord.swift */; };
		063 /* PersistenceManager.swift in Sources */ = {isa = PBXBuildFile; fileRef = 163 /* PersistenceManager.swift */; };
		064 /* LessonContentRome.swift in Sources */ = {isa = PBXBuildFile; fileRef = 164 /* LessonContentRome.swift */; };
		065 /* LessonContentRenaissance.swift in Sources */ = {isa = PBXBuildFile; fileRef = 165 /* LessonContentRenaissance.swift */; };
		066 /* NotebookContentRome.swift in Sources */ = {isa = PBXBuildFile; fileRef = 166 /* NotebookContentRome.swift */; };
		067 /* NotebookContentRenaissance.swift in Sources */ = {isa = PBXBuildFile; fileRef = 167 /* NotebookContentRenaissance.swift */; };
		068 /* MathVisualView.swift in Sources */ = {isa = PBXBuildFile; fileRef = 168 /* MathVisualView.swift */; };
		069 /* GradientSlopeVisual.swift in Sources */ = {isa = PBXBuildFile; fileRef = 169 /* GradientSlopeVisual.swift */; };
		070 /* FlowRateVisual.swift in Sources */ = {isa = PBXBuildFile; fileRef = 170 /* FlowRateVisual.swift */; };
		071 /* MasterAssignment.swift in Sources */ = {isa = PBXBuildFile; fileRef = 171 /* MasterAssignment.swift */; };
		076 /* WorkshopJob.swift in Sources */ = {isa = PBXBuildFile; fileRef = 176 /* WorkshopJob.swift */; };
		077 /* ScienceCardContent.swift in Sources */ = {isa = PBXBuildFile; fileRef = 177 /* ScienceCardContent.swift */; };
		072 /* LessonRecord.swift in Sources */ = {isa = PBXBuildFile; fileRef = 172 /* LessonRecord.swift */; };
		073 /* MathVisualTemplates.swift in Sources */ = {isa = PBXBuildFile; fileRef = 173 /* MathVisualTemplates.swift */; };
		047 /* BoyAvatarTransition.mp4 in Resources */ = {isa = PBXBuildFile; fileRef = 147 /* BoyAvatarTransition.mp4 */; };
		048 /* GirlAvatarTransition.mp4 in Resources */ = {isa = PBXBuildFile; fileRef = 148 /* GirlAvatarTransition.mp4 */; };
		5475D2EF2F3146CC003AA131 /* building_complete.mp3 in Resources */ = {isa = PBXBuildFile; fileRef = 5475D2EE2F3146CB003AA131 /* building_complete.mp3 */; };
		045 /* footstep.wav in Resources */ = {isa = PBXBuildFile; fileRef = 145 /* footstep.wav */; };
		5475D2F82F319000003AA131 /* Assets.xcassets in Resources */ = {isa = PBXBuildFile; fileRef = 5475D2F92F319000003AA131 /* Assets.xcassets */; };
		F001 /* Cinzel-Black.ttf in Resources */ = {isa = PBXBuildFile; fileRef = 54477B022F313B22007D8C64 /* Cinzel-Black.ttf */; };
		F002 /* Cinzel-Bold.ttf in Resources */ = {isa = PBXBuildFile; fileRef = 54477B032F313B22007D8C64 /* Cinzel-Bold.ttf */; };
		F003 /* Cinzel-ExtraBold.ttf in Resources */ = {isa = PBXBuildFile; fileRef = 54477B042F313B22007D8C64 /* Cinzel-ExtraBold.ttf */; };
		F004 /* Cinzel-Medium.ttf in Resources */ = {isa = PBXBuildFile; fileRef = 54477B052F313B22007D8C64 /* Cinzel-Medium.ttf */; };
		F005 /* Cinzel-Regular.ttf in Resources */ = {isa = PBXBuildFile; fileRef = 54477B062F313B22007D8C64 /* Cinzel-Regular.ttf */; };
		F006 /* Cinzel-SemiBold.ttf in Resources */ = {isa = PBXBuildFile; fileRef = 54477B072F313B22007D8C64 /* Cinzel-SemiBold.ttf */; };
		F007 /* Cinzel-VariableFont_wght.ttf in Resources */ = {isa = PBXBuildFile; fileRef = 54477B082F313B22007D8C64 /* Cinzel-VariableFont_wght.ttf */; };
		F008 /* EBGaramond-Bold.ttf in Resources */ = {isa = PBXBuildFile; fileRef = 54477B092F313B22007D8C64 /* EBGaramond-Bold.ttf */; };
		F009 /* EBGaramond-BoldItalic.ttf in Resources */ = {isa = PBXBuildFile; fileRef = 54477B0A2F313B22007D8C64 /* EBGaramond-BoldItalic.ttf */; };
		F010 /* EBGaramond-ExtraBold.ttf in Resources */ = {isa = PBXBuildFile; fileRef = 54477B0B2F313B22007D8C64 /* EBGaramond-ExtraBold.ttf */; };
		F011 /* EBGaramond-ExtraBoldItalic.ttf in Resources */ = {isa = PBXBuildFile; fileRef = 54477B0C2F313B22007D8C64 /* EBGaramond-ExtraBoldItalic.ttf */; };
		F012 /* EBGaramond-Italic.ttf in Resources */ = {isa = PBXBuildFile; fileRef = 54477B0D2F313B22007D8C64 /* EBGaramond-Italic.ttf */; };
		F013 /* EBGaramond-Italic-VariableFont_wght.ttf in Resources */ = {isa = PBXBuildFile; fileRef = 54477B0E2F313B22007D8C64 /* EBGaramond-Italic-VariableFont_wght.ttf */; };
		F014 /* EBGaramond-Medium.ttf in Resources */ = {isa = PBXBuildFile; fileRef = 54477B0F2F313B22007D8C64 /* EBGaramond-Medium.ttf */; };
		F015 /* EBGaramond-MediumItalic.ttf in Resources */ = {isa = PBXBuildFile; fileRef = 54477B102F313B22007D8C64 /* EBGaramond-MediumItalic.ttf */; };
		F016 /* EBGaramond-Regular.ttf in Resources */ = {isa = PBXBuildFile; fileRef = 54477B112F313B22007D8C64 /* EBGaramond-Regular.ttf */; };
		F017 /* EBGaramond-SemiBold.ttf in Resources */ = {isa = PBXBuildFile; fileRef = 54477B122F313B22007D8C64 /* EBGaramond-SemiBold.ttf */; };
		F018 /* EBGaramond-SemiBoldItalic.ttf in Resources */ = {isa = PBXBuildFile; fileRef = 54477B132F313B22007D8C64 /* EBGaramond-SemiBoldItalic.ttf */; };
		F019 /* EBGaramond-VariableFont_wght.ttf in Resources */ = {isa = PBXBuildFile; fileRef = 54477B142F313B22007D8C64 /* EBGaramond-VariableFont_wght.ttf */; };
		F020 /* PetitFormalScript-Regular.ttf in Resources */ = {isa = PBXBuildFile; fileRef = 54477B152F313B22007D8C64 /* PetitFormalScript-Regular.ttf */; };
		F021 /* GreatVibes-Regular.ttf in Resources */ = {isa = PBXBuildFile; fileRef = 54477B1A2F313B22007D8C64 /* GreatVibes-Regular.ttf */; };
		F022 /* Amellina.ttf in Resources */ = {isa = PBXBuildFile; fileRef = 54477B1B2F313B22007D8C64 /* Amellina.ttf */; };
		F023 /* LibreBaskerville-Bold.ttf in Resources */ = {isa = PBXBuildFile; fileRef = 54477B1C2F313B22007D8C64 /* LibreBaskerville-Bold.ttf */; };
		F024 /* LibreBaskerville-Regular.ttf in Resources */ = {isa = PBXBuildFile; fileRef = 54477B1D2F313B22007D8C64 /* LibreBaskerville-Regular.ttf */; };
		F025 /* LibreBaskerville-Italic.ttf in Resources */ = {isa = PBXBuildFile; fileRef = 54477B1E2F313B22007D8C64 /* LibreBaskerville-Italic.ttf */; };
		F026 /* LibreBaskerville-SemiBold.ttf in Resources */ = {isa = PBXBuildFile; fileRef = 54477B1F2F313B22007D8C64 /* LibreBaskerville-SemiBold.ttf */; };
		F027 /* LibreFranklin-Regular.ttf in Resources */ = {isa = PBXBuildFile; fileRef = 54477B202F313B22007D8C64 /* LibreFranklin-Regular.ttf */; };
		F032 /* Delius-Regular.ttf in Resources */ = {isa = PBXBuildFile; fileRef = 54477B252F313B22007D8C64 /* Delius-Regular.ttf */; };
		F033 /* Mulish-Light.ttf in Resources */ = {isa = PBXBuildFile; fileRef = 54477B262F313B22007D8C64 /* Mulish-Light.ttf */; };
		F034 /* Mulish-Regular.ttf in Resources */ = {isa = PBXBuildFile; fileRef = 54477B272F313B22007D8C64 /* Mulish-Regular.ttf */; };
		F035 /* Mulish-Medium.ttf in Resources */ = {isa = PBXBuildFile; fileRef = 54477B282F313B22007D8C64 /* Mulish-Medium.ttf */; };
		F036 /* Mulish-SemiBold.ttf in Resources */ = {isa = PBXBuildFile; fileRef = 54477B292F313B22007D8C64 /* Mulish-SemiBold.ttf */; };
		F037 /* Mulish-Bold.ttf in Resources */ = {isa = PBXBuildFile; fileRef = 54477B2A2F313B22007D8C64 /* Mulish-Bold.ttf */; };
		F038 /* Mulish-Italic.ttf in Resources */ = {isa = PBXBuildFile; fileRef = 54477B2B2F313B22007D8C64 /* Mulish-Italic.ttf */; };
		F039 /* Mulish-LightItalic.ttf in Resources */ = {isa = PBXBuildFile; fileRef = 54477B2C2F313B22007D8C64 /* Mulish-LightItalic.ttf */; };
		F028 /* LibreFranklin-Bold.ttf in Resources */ = {isa = PBXBuildFile; fileRef = 54477B212F313B22007D8C64 /* LibreFranklin-Bold.ttf */; };
		F029 /* LibreFranklin-Medium.ttf in Resources */ = {isa = PBXBuildFile; fileRef = 54477B222F313B22007D8C64 /* LibreFranklin-Medium.ttf */; };
		F030 /* LibreFranklin-SemiBold.ttf in Resources */ = {isa = PBXBuildFile; fileRef = 54477B232F313B22007D8C64 /* LibreFranklin-SemiBold.ttf */; };
		F031 /* LibreFranklin-Italic.ttf in Resources */ = {isa = PBXBuildFile; fileRef = 54477B242F313B22007D8C64 /* LibreFranklin-Italic.ttf */; };
/* End PBXBuildFile section */

/* Begin PBXFileReference section */
		100 /* RenaissanceArchitectAcademy.app */ = {isa = PBXFileReference; explicitFileType = wrapper.application; includeInIndex = 0; path = RenaissanceArchitectAcademy.app; sourceTree = BUILT_PRODUCTS_DIR; };
		101 /* RenaissanceArchitectAcademyApp.swift */ = {isa = PBXFileReference; lastKnownFileType = sourcecode.swift; path = RenaissanceArchitectAcademyApp.swift; sourceTree = "<group>"; };
		102 /* ContentView.swift */ = {isa = PBXFileReference; lastKnownFileType = sourcecode.swift; path = ContentView.swift; sourceTree = "<group>"; };
		103 /* MainMenuView.swift */ = {isa = PBXFileReference; lastKnownFileType = sourcecode.swift; path = MainMenuView.swift; sourceTree = "<group>"; };
		104 /* CityView.swift */ = {isa = PBXFileReference; lastKnownFileType = sourcecode.swift; path = CityView.swift; sourceTree = "<group>"; };
		105 /* BuildingPlotView.swift */ = {isa = PBXFileReference; lastKnownFileType = sourcecode.swift; path = BuildingPlotView.swift; sourceTree = "<group>"; };
		106 /* BuildingDetailOverlay.swift */ = {isa = PBXFileReference; lastKnownFileType = sourcecode.swift; path = BuildingDetailOverlay.swift; sourceTree = "<group>"; };
		107 /* CityViewModel.swift */ = {isa = PBXFileReference; lastKnownFileType = sourcecode.swift; path = CityViewModel.swift; sourceTree = "<group>"; };
		108 /* Building.swift */ = {isa = PBXFileReference; lastKnownFileType = sourcecode.swift; path = Building.swift; sourceTree = "<group>"; };
		109 /* RenaissanceColors.swift */ = {isa = PBXFileReference; lastKnownFileType = sourcecode.swift; path = RenaissanceColors.swift; sourceTree = "<group>"; };
		110 /* RenaissanceButton.swift */ = {isa = PBXFileReference; lastKnownFileType = sourcecode.swift; path = RenaissanceButton.swift; sourceTree = "<group>"; };
		111 /* SidebarView.swift */ = {isa = PBXFileReference; lastKnownFileType = sourcecode.swift; path = SidebarView.swift; sourceTree = "<group>"; };
		115 /* SoundManager.swift */ = {isa = PBXFileReference; lastKnownFileType = sourcecode.swift; path = SoundManager.swift; sourceTree = "<group>"; };
		116 /* BloomEffectView.swift */ = {isa = PBXFileReference; lastKnownFileType = sourcecode.swift; path = BloomEffectView.swift; sourceTree = "<group>"; };
		117 /* ProfileView.swift */ = {isa = PBXFileReference; lastKnownFileType = sourcecode.swift; path = ProfileView.swift; sourceTree = "<group>"; };
		118 /* StudentProfile.swift */ = {isa = PBXFileReference; lastKnownFileType = sourcecode.swift; path = StudentProfile.swift; sourceTree = "<group>"; };
		119 /* ScienceIconView.swift */ = {isa = PBXFileReference; lastKnownFileType = sourcecode.swift; path = ScienceIconView.swift; sourceTree = "<group>"; };
		120 /* Challenge.swift */ = {isa = PBXFileReference; lastKnownFileType = sourcecode.swift; path = Challenge.swift; sourceTree = "<group>"; };
		121 /* ChallengeView.swift */ = {isa = PBXFileReference; lastKnownFileType = sourcecode.swift; path = ChallengeView.swift; sourceTree = "<group>"; };
		122 /* DragDropEquationView.swift */ = {isa = PBXFileReference; lastKnownFileType = sourcecode.swift; path = DragDropEquationView.swift; sourceTree = "<group>"; };
		123 /* InteractiveChallengeView.swift */ = {isa = PBXFileReference; lastKnownFileType = sourcecode.swift; path = InteractiveChallengeView.swift; sourceTree = "<group>"; };
		124 /* HydraulicsFlowView.swift */ = {isa = PBXFileReference; lastKnownFileType = sourcecode.swift; path = HydraulicsFlowView.swift; sourceTree = "<group>"; };
		125 /* Material.swift */ = {isa = PBXFileReference; lastKnownFileType = sourcecode.swift; path = Material.swift; sourceTree = "<group>"; };
		126 /* CraftedItem.swift */ = {isa = PBXFileReference; lastKnownFileType = sourcecode.swift; path = CraftedItem.swift; sourceTree = "<group>"; };
		127 /* Recipe.swift */ = {isa = PBXFileReference; lastKnownFileType = sourcecode.swift; path = Recipe.swift; sourceTree = "<group>"; };
		128 /* WorkshopState.swift */ = {isa = PBXFileReference; lastKnownFileType = sourcecode.swift; path = WorkshopState.swift; sourceTree = "<group>"; };
		129 /* WorkshopView.swift */ = {isa = PBXFileReference; lastKnownFileType = sourcecode.swift; path = WorkshopView.swift; sourceTree = "<group>"; };
		130 /* MoleculeView.swift */ = {isa = PBXFileReference; lastKnownFileType = sourcecode.swift; path = MoleculeView.swift; sourceTree = "<group>"; };
		131 /* HintOverlayView.swift */ = {isa = PBXFileReference; lastKnownFileType = sourcecode.swift; path = HintOverlayView.swift; sourceTree = "<group>"; };
		132 /* SketchingChallenge.swift */ = {isa = PBXFileReference; lastKnownFileType = sourcecode.swift; path = SketchingChallenge.swift; sourceTree = "<group>"; };
		133 /* SketchingContent.swift */ = {isa = PBXFileReference; lastKnownFileType = sourcecode.swift; path = SketchingContent.swift; sourceTree = "<group>"; };
		134 /* SketchingChallengeView.swift */ = {isa = PBXFileReference; lastKnownFileType = sourcecode.swift; path = SketchingChallengeView.swift; sourceTree = "<group>"; };
		135 /* KnowledgeTestsView.swift */ = {isa = PBXFileReference; lastKnownFileType = sourcecode.swift; path = KnowledgeTestsView.swift; sourceTree = "<group>"; };
		136 /* PiantaCanvasView.swift */ = {isa = PBXFileReference; lastKnownFileType = sourcecode.swift; path = PiantaCanvasView.swift; sourceTree = "<group>"; };
		137 /* SketchingToolbarView.swift */ = {isa = PBXFileReference; lastKnownFileType = sourcecode.swift; path = SketchingToolbarView.swift; sourceTree = "<group>"; };
		138 /* GameTopBarView.swift */ = {isa = PBXFileReference; lastKnownFileType = sourcecode.swift; path = GameTopBarView.swift; sourceTree = "<group>"; };
		139 /* OnboardingState.swift */ = {isa = PBXFileReference; lastKnownFileType = sourcecode.swift; path = OnboardingState.swift; sourceTree = "<group>"; };
		140 /* OnboardingContent.swift */ = {isa = PBXFileReference; lastKnownFileType = sourcecode.swift; path = OnboardingContent.swift; sourceTree = "<group>"; };
		141 /* OnboardingView.swift */ = {isa = PBXFileReference; lastKnownFileType = sourcecode.swift; path = OnboardingView.swift; sourceTree = "<group>"; };
		142 /* CharacterSelectView.swift */ = {isa = PBXFileReference; lastKnownFileType = sourcecode.swift; path = CharacterSelectView.swift; sourceTree = "<group>"; };
		143 /* StoryNarrativeView.swift */ = {isa = PBXFileReference; lastKnownFileType = sourcecode.swift; path = StoryNarrativeView.swift; sourceTree = "<group>"; };
		144 /* StationLessonOverlay.swift */ = {isa = PBXFileReference; lastKnownFileType = sourcecode.swift; path = StationLessonOverlay.swift; sourceTree = "<group>"; };
		146 /* AvatarTransitionView.swift */ = {isa = PBXFileReference; lastKnownFileType = sourcecode.swift; path = AvatarTransitionView.swift; sourceTree = "<group>"; };
		147 /* BoyAvatarTransition.mp4 */ = {isa = PBXFileReference; lastKnownFileType = file; path = BoyAvatarTransition.mp4; sourceTree = "<group>"; };
		148 /* GirlAvatarTransition.mp4 */ = {isa = PBXFileReference; lastKnownFileType = file; path = GirlAvatarTransition.mp4; sourceTree = "<group>"; };
		149 /* ForestScene.swift */ = {isa = PBXFileReference; lastKnownFileType = sourcecode.swift; name = ForestScene.swift; path = Views/SpriteKit/ForestScene.swift; sourceTree = "<group>"; };
		150 /* ForestMapView.swift */ = {isa = PBXFileReference; lastKnownFileType = sourcecode.swift; path = ForestMapView.swift; sourceTree = "<group>"; };
		151 /* BuildingProgress.swift */ = {isa = PBXFileReference; lastKnownFileType = sourcecode.swift; path = BuildingProgress.swift; sourceTree = "<group>"; };
		152 /* BuildingLessonView.swift */ = {isa = PBXFileReference; lastKnownFileType = sourcecode.swift; path = BuildingLessonView.swift; sourceTree = "<group>"; };
		153 /* BuildingChecklistView.swift */ = {isa = PBXFileReference; lastKnownFileType = sourcecode.swift; path = BuildingChecklistView.swift; sourceTree = "<group>"; };
		154 /* BuildingLesson.swift */ = {isa = PBXFileReference; lastKnownFileType = sourcecode.swift; path = BuildingLesson.swift; sourceTree = "<group>"; };
		155 /* LessonContent.swift */ = {isa = PBXFileReference; lastKnownFileType = sourcecode.swift; path = LessonContent.swift; sourceTree = "<group>"; };
		156 /* NotebookEntry.swift */ = {isa = PBXFileReference; lastKnownFileType = sourcecode.swift; path = NotebookEntry.swift; sourceTree = "<group>"; };
		157 /* NotebookContent.swift */ = {isa = PBXFileReference; lastKnownFileType = sourcecode.swift; path = NotebookContent.swift; sourceTree = "<group>"; };
		158 /* NotebookState.swift */ = {isa = PBXFileReference; lastKnownFileType = sourcecode.swift; path = NotebookState.swift; sourceTree = "<group>"; };
		159 /* NotebookView.swift */ = {isa = PBXFileReference; lastKnownFileType = sourcecode.swift; path = NotebookView.swift; sourceTree = "<group>"; };
		160 /* NotebookCanvasView.swift */ = {isa = PBXFileReference; lastKnownFileType = sourcecode.swift; path = NotebookCanvasView.swift; sourceTree = "<group>"; };
		161 /* PlayerSave.swift */ = {isa = PBXFileReference; lastKnownFileType = sourcecode.swift; path = PlayerSave.swift; sourceTree = "<group>"; };
		162 /* BuildingProgressRecord.swift */ = {isa = PBXFileReference; lastKnownFileType = sourcecode.swift; path = BuildingProgressRecord.swift; sourceTree = "<group>"; };
		163 /* PersistenceManager.swift */ = {isa = PBXFileReference; lastKnownFileType = sourcecode.swift; path = PersistenceManager.swift; sourceTree = "<group>"; };
		164 /* LessonContentRome.swift */ = {isa = PBXFileReference; lastKnownFileType = sourcecode.swift; path = LessonContentRome.swift; sourceTree = "<group>"; };
		165 /* LessonContentRenaissance.swift */ = {isa = PBXFileReference; lastKnownFileType = sourcecode.swift; path = LessonContentRenaissance.swift; sourceTree = "<group>"; };
		166 /* NotebookContentRome.swift */ = {isa = PBXFileReference; lastKnownFileType = sourcecode.swift; path = NotebookContentRome.swift; sourceTree = "<group>"; };
		167 /* NotebookContentRenaissance.swift */ = {isa = PBXFileReference; lastKnownFileType = sourcecode.swift; path = NotebookContentRenaissance.swift; sourceTree = "<group>"; };
		168 /* MathVisualView.swift */ = {isa = PBXFileReference; lastKnownFileType = sourcecode.swift; path = MathVisualView.swift; sourceTree = "<group>"; };
		169 /* GradientSlopeVisual.swift */ = {isa = PBXFileReference; lastKnownFileType = sourcecode.swift; path = GradientSlopeVisual.swift; sourceTree = "<group>"; };
		170 /* FlowRateVisual.swift */ = {isa = PBXFileReference; lastKnownFileType = sourcecode.swift; path = FlowRateVisual.swift; sourceTree = "<group>"; };
		171 /* MasterAssignment.swift */ = {isa = PBXFileReference; lastKnownFileType = sourcecode.swift; path = MasterAssignment.swift; sourceTree = "<group>"; };
		176 /* WorkshopJob.swift */ = {isa = PBXFileReference; lastKnownFileType = sourcecode.swift; path = WorkshopJob.swift; sourceTree = "<group>"; };
		177 /* ScienceCardContent.swift */ = {isa = PBXFileReference; lastKnownFileType = sourcecode.swift; path = ScienceCardContent.swift; sourceTree = "<group>"; };
		172 /* LessonRecord.swift */ = {isa = PBXFileReference; lastKnownFileType = sourcecode.swift; path = LessonRecord.swift; sourceTree = "<group>"; };
		173 /* MathVisualTemplates.swift */ = {isa = PBXFileReference; lastKnownFileType = sourcecode.swift; path = MathVisualTemplates.swift; sourceTree = "<group>"; };
		544299972F3646ED00F92073 /* BuildingNode.swift */ = {isa = PBXFileReference; lastKnownFileType = sourcecode.swift; name = BuildingNode.swift; path = Views/SpriteKit/BuildingNode.swift; sourceTree = "<group>"; };
		544299982F3646ED00F92073 /* CityMapView.swift */ = {isa = PBXFileReference; lastKnownFileType = sourcecode.swift; name = CityMapView.swift; path = Views/SpriteKit/CityMapView.swift; sourceTree = "<group>"; };
		544299992F3646ED00F92073 /* CityScene.swift */ = {isa = PBXFileReference; lastKnownFileType = sourcecode.swift; name = CityScene.swift; path = Views/SpriteKit/CityScene.swift; sourceTree = "<group>"; };
		544299A52F369AB700F92073 /* MascotDialogueView.swift */ = {isa = PBXFileReference; lastKnownFileType = sourcecode.swift; name = MascotDialogueView.swift; path = Views/MascotDialogueView.swift; sourceTree = "<group>"; };
		544299A62F369AB700F92073 /* MaterialPuzzleView.swift */ = {isa = PBXFileReference; lastKnownFileType = sourcecode.swift; name = MaterialPuzzleView.swift; path = Views/MaterialPuzzleView.swift; sourceTree = "<group>"; };
		544299AD2F36A8D000F92073 /* MascotNode.swift */ = {isa = PBXFileReference; lastKnownFileType = sourcecode.swift; name = MascotNode.swift; path = Views/SpriteKit/MascotNode.swift; sourceTree = "<group>"; };
		544299B02F38000100F92073 /* PlayerNode.swift */ = {isa = PBXFileReference; lastKnownFileType = sourcecode.swift; name = PlayerNode.swift; path = Views/SpriteKit/PlayerNode.swift; sourceTree = "<group>"; };
		544299B22F38000100F92073 /* ResourceNode.swift */ = {isa = PBXFileReference; lastKnownFileType = sourcecode.swift; name = ResourceNode.swift; path = Views/SpriteKit/ResourceNode.swift; sourceTree = "<group>"; };
		544299B42F38000100F92073 /* WorkshopScene.swift */ = {isa = PBXFileReference; lastKnownFileType = sourcecode.swift; name = WorkshopScene.swift; path = Views/SpriteKit/WorkshopScene.swift; sourceTree = "<group>"; };
		544299B62F38000100F92073 /* WorkshopMapView.swift */ = {isa = PBXFileReference; lastKnownFileType = sourcecode.swift; path = WorkshopMapView.swift; sourceTree = "<group>"; };
		544299BF2F3A000100F92073 /* SceneEditorMode.swift */ = {isa = PBXFileReference; lastKnownFileType = sourcecode.swift; name = SceneEditorMode.swift; path = Views/SpriteKit/SceneEditorMode.swift; sourceTree = "<group>"; };
		174 /* CraftingRoomScene.swift */ = {isa = PBXFileReference; lastKnownFileType = sourcecode.swift; name = CraftingRoomScene.swift; path = Views/SpriteKit/CraftingRoomScene.swift; sourceTree = "<group>"; };
		175 /* CraftingRoomMapView.swift */ = {isa = PBXFileReference; lastKnownFileType = sourcecode.swift; name = CraftingRoomMapView.swift; path = Views/SpriteKit/CraftingRoomMapView.swift; sourceTree = "<group>"; };
		54477B022F313B22007D8C64 /* Cinzel-Black.ttf */ = {isa = PBXFileReference; lastKnownFileType = file; path = "Cinzel-Black.ttf"; sourceTree = "<group>"; };
		54477B032F313B22007D8C64 /* Cinzel-Bold.ttf */ = {isa = PBXFileReference; lastKnownFileType = file; path = "Cinzel-Bold.ttf"; sourceTree = "<group>"; };
		54477B042F313B22007D8C64 /* Cinzel-ExtraBold.ttf */ = {isa = PBXFileReference; lastKnownFileType = file; path = "Cinzel-ExtraBold.ttf"; sourceTree = "<group>"; };
		54477B052F313B22007D8C64 /* Cinzel-Medium.ttf */ = {isa = PBXFileReference; lastKnownFileType = file; path = "Cinzel-Medium.ttf"; sourceTree = "<group>"; };
		54477B062F313B22007D8C64 /* Cinzel-Regular.ttf */ = {isa = PBXFileReference; lastKnownFileType = file; path = "Cinzel-Regular.ttf"; sourceTree = "<group>"; };
		54477B072F313B22007D8C64 /* Cinzel-SemiBold.ttf */ = {isa = PBXFileReference; lastKnownFileType = file; path = "Cinzel-SemiBold.ttf"; sourceTree = "<group>"; };
		54477B082F313B22007D8C64 /* Cinzel-VariableFont_wght.ttf */ = {isa = PBXFileReference; lastKnownFileType = file; path = "Cinzel-VariableFont_wght.ttf"; sourceTree = "<group>"; };
		54477B092F313B22007D8C64 /* EBGaramond-Bold.ttf */ = {isa = PBXFileReference; lastKnownFileType = file; path = "EBGaramond-Bold.ttf"; sourceTree = "<group>"; };
		54477B0A2F313B22007D8C64 /* EBGaramond-BoldItalic.ttf */ = {isa = PBXFileReference; lastKnownFileType = file; path = "EBGaramond-BoldItalic.ttf"; sourceTree = "<group>"; };
		54477B0B2F313B22007D8C64 /* EBGaramond-ExtraBold.ttf */ = {isa = PBXFileReference; lastKnownFileType = file; path = "EBGaramond-ExtraBold.ttf"; sourceTree = "<group>"; };
		54477B0C2F313B22007D8C64 /* EBGaramond-ExtraBoldItalic.ttf */ = {isa = PBXFileReference; lastKnownFileType = file; path = "EBGaramond-ExtraBoldItalic.ttf"; sourceTree = "<group>"; };
		54477B0D2F313B22007D8C64 /* EBGaramond-Italic.ttf */ = {isa = PBXFileReference; lastKnownFileType = file; path = "EBGaramond-Italic.ttf"; sourceTree = "<group>"; };
		54477B0E2F313B22007D8C64 /* EBGaramond-Italic-VariableFont_wght.ttf */ = {isa = PBXFileReference; lastKnownFileType = file; path = "EBGaramond-Italic-VariableFont_wght.ttf"; sourceTree = "<group>"; };
		54477B0F2F313B22007D8C64 /* EBGaramond-Medium.ttf */ = {isa = PBXFileReference; lastKnownFileType = file; path = "EBGaramond-Medium.ttf"; sourceTree = "<group>"; };
		54477B102F313B22007D8C64 /* EBGaramond-MediumItalic.ttf */ = {isa = PBXFileReference; lastKnownFileType = file; path = "EBGaramond-MediumItalic.ttf"; sourceTree = "<group>"; };
		54477B112F313B22007D8C64 /* EBGaramond-Regular.ttf */ = {isa = PBXFileReference; lastKnownFileType = file; path = "EBGaramond-Regular.ttf"; sourceTree = "<group>"; };
		54477B122F313B22007D8C64 /* EBGaramond-SemiBold.ttf */ = {isa = PBXFileReference; lastKnownFileType = file; path = "EBGaramond-SemiBold.ttf"; sourceTree = "<group>"; };
		54477B132F313B22007D8C64 /* EBGaramond-SemiBoldItalic.ttf */ = {isa = PBXFileReference; lastKnownFileType = file; path = "EBGaramond-SemiBoldItalic.ttf"; sourceTree = "<group>"; };
		54477B142F313B22007D8C64 /* EBGaramond-VariableFont_wght.ttf */ = {isa = PBXFileReference; lastKnownFileType = file; path = "EBGaramond-VariableFont_wght.ttf"; sourceTree = "<group>"; };
		54477B152F313B22007D8C64 /* PetitFormalScript-Regular.ttf */ = {isa = PBXFileReference; lastKnownFileType = file; path = "PetitFormalScript-Regular.ttf"; sourceTree = "<group>"; };
		54477B1A2F313B22007D8C64 /* GreatVibes-Regular.ttf */ = {isa = PBXFileReference; lastKnownFileType = file; path = "GreatVibes-Regular.ttf"; sourceTree = "<group>"; };
		54477B1B2F313B22007D8C64 /* Amellina.ttf */ = {isa = PBXFileReference; lastKnownFileType = file; path = Amellina.ttf; sourceTree = "<group>"; };
		54477B1C2F313B22007D8C64 /* LibreBaskerville-Bold.ttf */ = {isa = PBXFileReference; lastKnownFileType = file; path = "LibreBaskerville-Bold.ttf"; sourceTree = "<group>"; };
		54477B1D2F313B22007D8C64 /* LibreBaskerville-Regular.ttf */ = {isa = PBXFileReference; lastKnownFileType = file; path = "LibreBaskerville-Regular.ttf"; sourceTree = "<group>"; };
		54477B1E2F313B22007D8C64 /* LibreBaskerville-Italic.ttf */ = {isa = PBXFileReference; lastKnownFileType = file; path = "LibreBaskerville-Italic.ttf"; sourceTree = "<group>"; };
		54477B1F2F313B22007D8C64 /* LibreBaskerville-SemiBold.ttf */ = {isa = PBXFileReference; lastKnownFileType = file; path = "LibreBaskerville-SemiBold.ttf"; sourceTree = "<group>"; };
		54477B202F313B22007D8C64 /* LibreFranklin-Regular.ttf */ = {isa = PBXFileReference; lastKnownFileType = file; path = "LibreFranklin-Regular.ttf"; sourceTree = "<group>"; };
		54477B252F313B22007D8C64 /* Delius-Regular.ttf */ = {isa = PBXFileReference; lastKnownFileType = file; path = "Delius-Regular.ttf"; sourceTree = "<group>"; };
		54477B262F313B22007D8C64 /* Mulish-Light.ttf */ = {isa = PBXFileReference; lastKnownFileType = file; path = "Mulish-Light.ttf"; sourceTree = "<group>"; };
		54477B272F313B22007D8C64 /* Mulish-Regular.ttf */ = {isa = PBXFileReference; lastKnownFileType = file; path = "Mulish-Regular.ttf"; sourceTree = "<group>"; };
		54477B282F313B22007D8C64 /* Mulish-Medium.ttf */ = {isa = PBXFileReference; lastKnownFileType = file; path = "Mulish-Medium.ttf"; sourceTree = "<group>"; };
		54477B292F313B22007D8C64 /* Mulish-SemiBold.ttf */ = {isa = PBXFileReference; lastKnownFileType = file; path = "Mulish-SemiBold.ttf"; sourceTree = "<group>"; };
		54477B2A2F313B22007D8C64 /* Mulish-Bold.ttf */ = {isa = PBXFileReference; lastKnownFileType = file; path = "Mulish-Bold.ttf"; sourceTree = "<group>"; };
		54477B2B2F313B22007D8C64 /* Mulish-Italic.ttf */ = {isa = PBXFileReference; lastKnownFileType = file; path = "Mulish-Italic.ttf"; sourceTree = "<group>"; };
		54477B2C2F313B22007D8C64 /* Mulish-LightItalic.ttf */ = {isa = PBXFileReference; lastKnownFileType = file; path = "Mulish-LightItalic.ttf"; sourceTree = "<group>"; };
		54477B212F313B22007D8C64 /* LibreFranklin-Bold.ttf */ = {isa = PBXFileReference; lastKnownFileType = file; path = "LibreFranklin-Bold.ttf"; sourceTree = "<group>"; };
		54477B222F313B22007D8C64 /* LibreFranklin-Medium.ttf */ = {isa = PBXFileReference; lastKnownFileType = file; path = "LibreFranklin-Medium.ttf"; sourceTree = "<group>"; };
		54477B232F313B22007D8C64 /* LibreFranklin-SemiBold.ttf */ = {isa = PBXFileReference; lastKnownFileType = file; path = "LibreFranklin-SemiBold.ttf"; sourceTree = "<group>"; };
		54477B242F313B22007D8C64 /* LibreFranklin-Italic.ttf */ = {isa = PBXFileReference; lastKnownFileType = file; path = "LibreFranklin-Italic.ttf"; sourceTree = "<group>"; };
		54477B172F313D06007D8C64 /* Info.plist */ = {isa = PBXFileReference; lastKnownFileType = text.plist.xml; path = Info.plist; sourceTree = "<group>"; };
		5475D2EE2F3146CB003AA131 /* building_complete.mp3 */ = {isa = PBXFileReference; lastKnownFileType = audio.mp3; path = building_complete.mp3; sourceTree = "<group>"; };
		145 /* footstep.wav */ = {isa = PBXFileReference; lastKnownFileType = audio.wav; path = footstep.wav; sourceTree = "<group>"; };
		5475D2F92F319000003AA131 /* Assets.xcassets */ = {isa = PBXFileReference; lastKnownFileType = folder.assetcatalog; path = Assets.xcassets; sourceTree = "<group>"; };
/* End PBXFileReference section */

/* Begin PBXFrameworksBuildPhase section */
		200 /* Frameworks */ = {
			isa = PBXFrameworksBuildPhase;
			buildActionMask = 2147483647;
			files = (
				544299862F32E11600F92073 /* Subsonic in Frameworks */,
				544299832F32E0F700F92073 /* Pow in Frameworks */,
				544299892F32E14D00F92073 /* Vortex in Frameworks */,
			);
			runOnlyForDeploymentPostprocessing = 0;
		};
/* End PBXFrameworksBuildPhase section */

/* Begin PBXGroup section */
		300 = {
			isa = PBXGroup;
			children = (
				301 /* RenaissanceArchitectAcademy */,
				302 /* Products */,
			);
			sourceTree = "<group>";
		};
		301 /* RenaissanceArchitectAcademy */ = {
			isa = PBXGroup;
			children = (
				544299AD2F36A8D000F92073 /* MascotNode.swift */,
				544299B02F38000100F92073 /* PlayerNode.swift */,
				544299B22F38000100F92073 /* ResourceNode.swift */,
				544299B42F38000100F92073 /* WorkshopScene.swift */,
				149 /* ForestScene.swift */,
				174 /* CraftingRoomScene.swift */,
				175 /* CraftingRoomMapView.swift */,
				544299A52F369AB700F92073 /* MascotDialogueView.swift */,
				544299A62F369AB700F92073 /* MaterialPuzzleView.swift */,
				544299972F3646ED00F92073 /* BuildingNode.swift */,
				544299982F3646ED00F92073 /* CityMapView.swift */,
				544299992F3646ED00F92073 /* CityScene.swift */,
				544299BF2F3A000100F92073 /* SceneEditorMode.swift */,
				5475D2F92F319000003AA131 /* Assets.xcassets */,
				54477B172F313D06007D8C64 /* Info.plist */,
				54477B162F313B22007D8C64 /* Fonts */,
				101 /* RenaissanceArchitectAcademyApp.swift */,
				5475D2EE2F3146CB003AA131 /* building_complete.mp3 */,
				145 /* footstep.wav */,
				147 /* BoyAvatarTransition.mp4 */,
				148 /* GirlAvatarTransition.mp4 */,
				303 /* Views */,
				304 /* ViewModels */,
				305 /* Models */,
				306 /* Styles */,
				307 /* Services */,
			);
			path = RenaissanceArchitectAcademy;
			sourceTree = "<group>";
		};
		302 /* Products */ = {
			isa = PBXGroup;
			children = (
				100 /* RenaissanceArchitectAcademy.app */,
			);
			name = Products;
			sourceTree = "<group>";
		};
		303 /* Views */ = {
			isa = PBXGroup;
			children = (
				102 /* ContentView.swift */,
				103 /* MainMenuView.swift */,
				104 /* CityView.swift */,
				105 /* BuildingPlotView.swift */,
				106 /* BuildingDetailOverlay.swift */,
				111 /* SidebarView.swift */,
				116 /* BloomEffectView.swift */,
				117 /* ProfileView.swift */,
				119 /* ScienceIconView.swift */,
				121 /* ChallengeView.swift */,
				122 /* DragDropEquationView.swift */,
				123 /* InteractiveChallengeView.swift */,
				124 /* HydraulicsFlowView.swift */,
				129 /* WorkshopView.swift */,
				130 /* MoleculeView.swift */,
				131 /* HintOverlayView.swift */,
				134 /* SketchingChallengeView.swift */,
				135 /* KnowledgeTestsView.swift */,
				544299B62F38000100F92073 /* WorkshopMapView.swift */,
				150 /* ForestMapView.swift */,
				152 /* BuildingLessonView.swift */,
				153 /* BuildingChecklistView.swift */,
				138 /* GameTopBarView.swift */,
				159 /* NotebookView.swift */,
				160 /* NotebookCanvasView.swift */,
				168 /* MathVisualView.swift */,
				169 /* GradientSlopeVisual.swift */,
				170 /* FlowRateVisual.swift */,
				173 /* MathVisualTemplates.swift */,
				141 /* OnboardingView.swift */,
				308 /* Sketching */,
				309 /* Onboarding */,
			);
			path = Views;
			sourceTree = "<group>";
		};
		309 /* Onboarding */ = {
			isa = PBXGroup;
			children = (
				142 /* CharacterSelectView.swift */,
				143 /* StoryNarrativeView.swift */,
				144 /* StationLessonOverlay.swift */,
				146 /* AvatarTransitionView.swift */,
			);
			path = Onboarding;
			sourceTree = "<group>";
		};
		308 /* Sketching */ = {
			isa = PBXGroup;
			children = (
				136 /* PiantaCanvasView.swift */,
				137 /* SketchingToolbarView.swift */,
			);
			path = Sketching;
			sourceTree = "<group>";
		};
		304 /* ViewModels */ = {
			isa = PBXGroup;
			children = (
				107 /* CityViewModel.swift */,
				128 /* WorkshopState.swift */,
				158 /* NotebookState.swift */,
				163 /* PersistenceManager.swift */,
			);
			path = ViewModels;
			sourceTree = "<group>";
		};
		305 /* Models */ = {
			isa = PBXGroup;
			children = (
				108 /* Building.swift */,
				118 /* StudentProfile.swift */,
				120 /* Challenge.swift */,
				125 /* Material.swift */,
				126 /* CraftedItem.swift */,
				127 /* Recipe.swift */,
				132 /* SketchingChallenge.swift */,
				133 /* SketchingContent.swift */,
				139 /* OnboardingState.swift */,
				140 /* OnboardingContent.swift */,
				151 /* BuildingProgress.swift */,
				154 /* BuildingLesson.swift */,
				155 /* LessonContent.swift */,
				156 /* NotebookEntry.swift */,
				157 /* NotebookContent.swift */,
				161 /* PlayerSave.swift */,
				162 /* BuildingProgressRecord.swift */,
			164 /* LessonContentRome.swift */,
			165 /* LessonContentRenaissance.swift */,
			166 /* NotebookContentRome.swift */,
			167 /* NotebookContentRenaissance.swift */,
		171 /* MasterAssignment.swift */,
		176 /* WorkshopJob.swift */,
		177 /* ScienceCardContent.swift */,
		172 /* LessonRecord.swift */,
			);
			path = Models;
			sourceTree = "<group>";
		};
		306 /* Styles */ = {
			isa = PBXGroup;
			children = (
				109 /* RenaissanceColors.swift */,
				110 /* RenaissanceButton.swift */,
			);
			path = Styles;
			sourceTree = "<group>";
		};
		307 /* Services */ = {
			isa = PBXGroup;
			children = (
				115 /* SoundManager.swift */,
			);
			path = Services;
			sourceTree = "<group>";
		};
		54477B162F313B22007D8C64 /* Fonts */ = {
			isa = PBXGroup;
			children = (
				54477B022F313B22007D8C64 /* Cinzel-Black.ttf */,
				54477B032F313B22007D8C64 /* Cinzel-Bold.ttf */,
				54477B042F313B22007D8C64 /* Cinzel-ExtraBold.ttf */,
				54477B052F313B22007D8C64 /* Cinzel-Medium.ttf */,
				54477B062F313B22007D8C64 /* Cinzel-Regular.ttf */,
				54477B072F313B22007D8C64 /* Cinzel-SemiBold.ttf */,
				54477B082F313B22007D8C64 /* Cinzel-VariableFont_wght.ttf */,
				54477B092F313B22007D8C64 /* EBGaramond-Bold.ttf */,
				54477B0A2F313B22007D8C64 /* EBGaramond-BoldItalic.ttf */,
				54477B0B2F313B22007D8C64 /* EBGaramond-ExtraBold.ttf */,
				54477B0C2F313B22007D8C64 /* EBGaramond-ExtraBoldItalic.ttf */,
				54477B0D2F313B22007D8C64 /* EBGaramond-Italic.ttf */,
				54477B0E2F313B22007D8C64 /* EBGaramond-Italic-VariableFont_wght.ttf */,
				54477B0F2F313B22007D8C64 /* EBGaramond-Medium.ttf */,
				54477B102F313B22007D8C64 /* EBGaramond-MediumItalic.ttf */,
				54477B112F313B22007D8C64 /* EBGaramond-Regular.ttf */,
				54477B122F313B22007D8C64 /* EBGaramond-SemiBold.ttf */,
				54477B132F313B22007D8C64 /* EBGaramond-SemiBoldItalic.ttf */,
				54477B142F313B22007D8C64 /* EBGaramond-VariableFont_wght.ttf */,
				54477B152F313B22007D8C64 /* PetitFormalScript-Regular.ttf */,
				54477B1A2F313B22007D8C64 /* GreatVibes-Regular.ttf */,
				54477B1B2F313B22007D8C64 /* Amellina.ttf */,
				54477B1C2F313B22007D8C64 /* LibreBaskerville-Bold.ttf */,
				54477B1D2F313B22007D8C64 /* LibreBaskerville-Regular.ttf */,
				54477B1E2F313B22007D8C64 /* LibreBaskerville-Italic.ttf */,
				54477B1F2F313B22007D8C64 /* LibreBaskerville-SemiBold.ttf */,
				54477B202F313B22007D8C64 /* LibreFranklin-Regular.ttf */,
				54477B252F313B22007D8C64 /* Delius-Regular.ttf */,
				54477B262F313B22007D8C64 /* Mulish-Light.ttf */,
				54477B272F313B22007D8C64 /* Mulish-Regular.ttf */,
				54477B282F313B22007D8C64 /* Mulish-Medium.ttf */,
				54477B292F313B22007D8C64 /* Mulish-SemiBold.ttf */,
				54477B2A2F313B22007D8C64 /* Mulish-Bold.ttf */,
				54477B2B2F313B22007D8C64 /* Mulish-Italic.ttf */,
				54477B2C2F313B22007D8C64 /* Mulish-LightItalic.ttf */,
				54477B212F313B22007D8C64 /* LibreFranklin-Bold.ttf */,
				54477B222F313B22007D8C64 /* LibreFranklin-Medium.ttf */,
				54477B232F313B22007D8C64 /* LibreFranklin-SemiBold.ttf */,
				54477B242F313B22007D8C64 /* LibreFranklin-Italic.ttf */,
			);
			path = Fonts;
			sourceTree = "<group>";
		};
/* End PBXGroup section */

/* Begin PBXNativeTarget section */
		400 /* RenaissanceArchitectAcademy */ = {
			isa = PBXNativeTarget;
			buildConfigurationList = 500 /* Build configuration list for PBXNativeTarget "RenaissanceArchitectAcademy" */;
			buildPhases = (
				401 /* Sources */,
				200 /* Frameworks */,
				402 /* Resources */,
			);
			buildRules = (
			);
			dependencies = (
			);
			name = RenaissanceArchitectAcademy;
			productName = RenaissanceArchitectAcademy;
			productReference = 100 /* RenaissanceArchitectAcademy.app */;
			productType = "com.apple.product-type.application";
		};
/* End PBXNativeTarget section */

/* Begin PBXProject section */
		600 /* Project object */ = {
			isa = PBXProject;
			attributes = {
				BuildIndependentTargetsInParallel = 1;
				LastSwiftUpdateCheck = 1520;
				LastUpgradeCheck = 2620;
				TargetAttributes = {
					400 = {
						CreatedOnToolsVersion = 15.2;
					};
				};
			};
			buildConfigurationList = 601 /* Build configuration list for PBXProject "RenaissanceArchitectAcademy" */;
			compatibilityVersion = "Xcode 14.0";
			developmentRegion = en;
			hasScannedForEncodings = 0;
			knownRegions = (
				en,
				Base,
			);
			mainGroup = 300;
			packageReferences = (
				544299812F32E0F700F92073 /* XCRemoteSwiftPackageReference "Pow" */,
				544299842F32E11600F92073 /* XCRemoteSwiftPackageReference "Subsonic" */,
				544299872F32E14D00F92073 /* XCRemoteSwiftPackageReference "Vortex" */,
			);
			productRefGroup = 302 /* Products */;
			projectDirPath = "";
			projectRoot = "";
			targets = (
				400 /* RenaissanceArchitectAcademy */,
			);
		};
/* End PBXProject section */

/* Begin PBXResourcesBuildPhase section */
		402 /* Resources */ = {
			isa = PBXResourcesBuildPhase;
			buildActionMask = 2147483647;
			files = (
				5475D2F82F319000003AA131 /* Assets.xcassets in Resources */,
				F001 /* Cinzel-Black.ttf in Resources */,
				F002 /* Cinzel-Bold.ttf in Resources */,
				F003 /* Cinzel-ExtraBold.ttf in Resources */,
				F004 /* Cinzel-Medium.ttf in Resources */,
				F005 /* Cinzel-Regular.ttf in Resources */,
				F006 /* Cinzel-SemiBold.ttf in Resources */,
				F007 /* Cinzel-VariableFont_wght.ttf in Resources */,
				F008 /* EBGaramond-Bold.ttf in Resources */,
				F009 /* EBGaramond-BoldItalic.ttf in Resources */,
				F010 /* EBGaramond-ExtraBold.ttf in Resources */,
				5475D2EF2F3146CC003AA131 /* building_complete.mp3 in Resources */,
				045 /* footstep.wav in Resources */,
				047 /* BoyAvatarTransition.mp4 in Resources */,
				048 /* GirlAvatarTransition.mp4 in Resources */,
				F011 /* EBGaramond-ExtraBoldItalic.ttf in Resources */,
				F012 /* EBGaramond-Italic.ttf in Resources */,
				F013 /* EBGaramond-Italic-VariableFont_wght.ttf in Resources */,
				F014 /* EBGaramond-Medium.ttf in Resources */,
				F015 /* EBGaramond-MediumItalic.ttf in Resources */,
				F016 /* EBGaramond-Regular.ttf in Resources */,
				F017 /* EBGaramond-SemiBold.ttf in Resources */,
				F018 /* EBGaramond-SemiBoldItalic.ttf in Resources */,
				F019 /* EBGaramond-VariableFont_wght.ttf in Resources */,
				F020 /* PetitFormalScript-Regular.ttf in Resources */,
				F021 /* GreatVibes-Regular.ttf in Resources */,
				F022 /* Amellina.ttf in Resources */,
				F023 /* LibreBaskerville-Bold.ttf in Resources */,
				F024 /* LibreBaskerville-Regular.ttf in Resources */,
				F025 /* LibreBaskerville-Italic.ttf in Resources */,
				F026 /* LibreBaskerville-SemiBold.ttf in Resources */,
				F027 /* LibreFranklin-Regular.ttf in Resources */,
				F032 /* Delius-Regular.ttf in Resources */,
				F033 /* Mulish-Light.ttf in Resources */,
				F034 /* Mulish-Regular.ttf in Resources */,
				F035 /* Mulish-Medium.ttf in Resources */,
				F036 /* Mulish-SemiBold.ttf in Resources */,
				F037 /* Mulish-Bold.ttf in Resources */,
				F038 /* Mulish-Italic.ttf in Resources */,
				F039 /* Mulish-LightItalic.ttf in Resources */,
				F028 /* LibreFranklin-Bold.ttf in Resources */,
				F029 /* LibreFranklin-Medium.ttf in Resources */,
				F030 /* LibreFranklin-SemiBold.ttf in Resources */,
				F031 /* LibreFranklin-Italic.ttf in Resources */,
			);
			runOnlyForDeploymentPostprocessing = 0;
		};
/* End PBXResourcesBuildPhase section */

/* Begin PBXSourcesBuildPhase section */
		401 /* Sources */ = {
			isa = PBXSourcesBuildPhase;
			buildActionMask = 2147483647;
			files = (
				001 /* RenaissanceArchitectAcademyApp.swift in Sources */,
				002 /* ContentView.swift in Sources */,
				003 /* MainMenuView.swift in Sources */,
				004 /* CityView.swift in Sources */,
				005 /* BuildingPlotView.swift in Sources */,
				006 /* BuildingDetailOverlay.swift in Sources */,
				007 /* CityViewModel.swift in Sources */,
				008 /* Building.swift in Sources */,
				009 /* RenaissanceColors.swift in Sources */,
				544299AE2F36A8D000F92073 /* MascotNode.swift in Sources */,
				010 /* RenaissanceButton.swift in Sources */,
				011 /* SidebarView.swift in Sources */,
				015 /* SoundManager.swift in Sources */,
				016 /* BloomEffectView.swift in Sources */,
				544299A72F369AB700F92073 /* MascotDialogueView.swift in Sources */,
				544299A82F369AB700F92073 /* MaterialPuzzleView.swift in Sources */,
				017 /* ProfileView.swift in Sources */,
				018 /* StudentProfile.swift in Sources */,
				019 /* ScienceIconView.swift in Sources */,
				020 /* Challenge.swift in Sources */,
				021 /* ChallengeView.swift in Sources */,
				022 /* DragDropEquationView.swift in Sources */,
				023 /* InteractiveChallengeView.swift in Sources */,
				5442999A2F3646ED00F92073 /* BuildingNode.swift in Sources */,
				5442999B2F3646ED00F92073 /* CityMapView.swift in Sources */,
				5442999C2F3646ED00F92073 /* CityScene.swift in Sources */,
				024 /* HydraulicsFlowView.swift in Sources */,
				025 /* Material.swift in Sources */,
				026 /* CraftedItem.swift in Sources */,
				027 /* Recipe.swift in Sources */,
				028 /* WorkshopState.swift in Sources */,
				029 /* WorkshopView.swift in Sources */,
				544299B12F38000100F92073 /* PlayerNode.swift in Sources */,
				544299B32F38000100F92073 /* ResourceNode.swift in Sources */,
				544299B52F38000100F92073 /* WorkshopScene.swift in Sources */,
				544299B72F38000100F92073 /* WorkshopMapView.swift in Sources */,
				544299C02F3A000100F92073 /* SceneEditorMode.swift in Sources */,
				074 /* CraftingRoomScene.swift in Sources */,
				075 /* CraftingRoomMapView.swift in Sources */,
				030 /* MoleculeView.swift in Sources */,
				031 /* HintOverlayView.swift in Sources */,
				032 /* SketchingChallenge.swift in Sources */,
				033 /* SketchingContent.swift in Sources */,
				034 /* SketchingChallengeView.swift in Sources */,
				035 /* KnowledgeTestsView.swift in Sources */,
				036 /* PiantaCanvasView.swift in Sources */,
				037 /* SketchingToolbarView.swift in Sources */,
				038 /* GameTopBarView.swift in Sources */,
				039 /* OnboardingState.swift in Sources */,
				040 /* OnboardingContent.swift in Sources */,
				041 /* OnboardingView.swift in Sources */,
				042 /* CharacterSelectView.swift in Sources */,
				043 /* StoryNarrativeView.swift in Sources */,
				044 /* StationLessonOverlay.swift in Sources */,
				046 /* AvatarTransitionView.swift in Sources */,
				049 /* ForestScene.swift in Sources */,
				050 /* ForestMapView.swift in Sources */,
				051 /* BuildingProgress.swift in Sources */,
				052 /* BuildingLessonView.swift in Sources */,
				053 /* BuildingChecklistView.swift in Sources */,
				054 /* BuildingLesson.swift in Sources */,
				055 /* LessonContent.swift in Sources */,
				056 /* NotebookEntry.swift in Sources */,
				057 /* NotebookContent.swift in Sources */,
				058 /* NotebookState.swift in Sources */,
				059 /* NotebookView.swift in Sources */,
				060 /* NotebookCanvasView.swift in Sources */,
				061 /* PlayerSave.swift in Sources */,
				062 /* BuildingProgressRecord.swift in Sources */,
				063 /* PersistenceManager.swift in Sources */,
			064 /* LessonContentRome.swift in Sources */,
			065 /* LessonContentRenaissance.swift in Sources */,
			066 /* NotebookContentRome.swift in Sources */,
			067 /* NotebookContentRenaissance.swift in Sources */,
			068 /* MathVisualView.swift in Sources */,
			069 /* GradientSlopeVisual.swift in Sources */,
			070 /* FlowRateVisual.swift in Sources */,
			071 /* MasterAssignment.swift in Sources */,
			076 /* WorkshopJob.swift in Sources */,
			077 /* ScienceCardContent.swift in Sources */,
		072 /* LessonRecord.swift in Sources */,
		073 /* MathVisualTemplates.swift in Sources */,
			);
			runOnlyForDeploymentPostprocessing = 0;
		};
/* End PBXSourcesBuildPhase section */

/* Begin XCBuildConfiguration section */
		700 /* Debug */ = {
			isa = XCBuildConfiguration;
			buildSettings = {
				ALWAYS_SEARCH_USER_PATHS = NO;
				ASSETCATALOG_COMPILER_GENERATE_SWIFT_ASSET_SYMBOL_EXTENSIONS = YES;
				CLANG_ANALYZER_NONNULL = YES;
				CLANG_ANALYZER_NUMBER_OBJECT_CONVERSION = YES_AGGRESSIVE;
				CLANG_CXX_LANGUAGE_STANDARD = "gnu++20";
				CLANG_ENABLE_MODULES = YES;
				CLANG_ENABLE_OBJC_ARC = YES;
				CLANG_ENABLE_OBJC_WEAK = YES;
				CLANG_WARN_BLOCK_CAPTURE_AUTORELEASING = YES;
				CLANG_WARN_BOOL_CONVERSION = YES;
				CLANG_WARN_COMMA = YES;
				CLANG_WARN_CONSTANT_CONVERSION = YES;
				CLANG_WARN_DEPRECATED_OBJC_IMPLEMENTATIONS = YES;
				CLANG_WARN_DIRECT_OBJC_ISA_USAGE = YES_ERROR;
				CLANG_WARN_DOCUMENTATION_COMMENTS = YES;
				CLANG_WARN_EMPTY_BODY = YES;
				CLANG_WARN_ENUM_CONVERSION = YES;
				CLANG_WARN_INFINITE_RECURSION = YES;
				CLANG_WARN_INT_CONVERSION = YES;
				CLANG_WARN_NON_LITERAL_NULL_CONVERSION = YES;
				CLANG_WARN_OBJC_IMPLICIT_RETAIN_SELF = YES;
				CLANG_WARN_OBJC_LITERAL_CONVERSION = YES;
				CLANG_WARN_OBJC_ROOT_CLASS = YES_ERROR;
				CLANG_WARN_QUOTED_INCLUDE_IN_FRAMEWORK_HEADER = YES;
				CLANG_WARN_RANGE_LOOP_ANALYSIS = YES;
				CLANG_WARN_STRICT_PROTOTYPES = YES;
				CLANG_WARN_SUSPICIOUS_MOVE = YES;
				CLANG_WARN_UNGUARDED_AVAILABILITY = YES_AGGRESSIVE;
				CLANG_WARN_UNREACHABLE_CODE = YES;
				CLANG_WARN__DUPLICATE_METHOD_MATCH = YES;
				COPY_PHASE_STRIP = NO;
				DEAD_CODE_STRIPPING = YES;
				DEBUG_INFORMATION_FORMAT = dwarf;
				ENABLE_STRICT_OBJC_MSGSEND = YES;
				ENABLE_TESTABILITY = YES;
				ENABLE_USER_SCRIPT_SANDBOXING = YES;
				GCC_C_LANGUAGE_STANDARD = gnu17;
				GCC_DYNAMIC_NO_PIC = NO;
				GCC_NO_COMMON_BLOCKS = YES;
				GCC_OPTIMIZATION_LEVEL = 0;
				GCC_PREPROCESSOR_DEFINITIONS = (
					"DEBUG=1",
					"$(inherited)",
				);
				GCC_WARN_64_TO_32_BIT_CONVERSION = YES;
				GCC_WARN_ABOUT_RETURN_TYPE = YES_ERROR;
				GCC_WARN_UNDECLARED_SELECTOR = YES;
				GCC_WARN_UNINITIALIZED_AUTOS = YES_AGGRESSIVE;
				GCC_WARN_UNUSED_FUNCTION = YES;
				GCC_WARN_UNUSED_VARIABLE = YES;
				LOCALIZATION_PREFERS_STRING_CATALOGS = YES;
				MTL_ENABLE_DEBUG_INFO = INCLUDE_SOURCE;
				MTL_FAST_MATH = YES;
				ONLY_ACTIVE_ARCH = YES;
				STRING_CATALOG_GENERATE_SYMBOLS = YES;
				SWIFT_ACTIVE_COMPILATION_CONDITIONS = "DEBUG $(inherited)";
				SWIFT_OPTIMIZATION_LEVEL = "-Onone";
			};
			name = Debug;
		};
		701 /* Release */ = {
			isa = XCBuildConfiguration;
			buildSettings = {
				ALWAYS_SEARCH_USER_PATHS = NO;
				ASSETCATALOG_COMPILER_GENERATE_SWIFT_ASSET_SYMBOL_EXTENSIONS = YES;
				CLANG_ANALYZER_NONNULL = YES;
				CLANG_ANALYZER_NUMBER_OBJECT_CONVERSION = YES_AGGRESSIVE;
				CLANG_CXX_LANGUAGE_STANDARD = "gnu++20";
				CLANG_ENABLE_MODULES = YES;
				CLANG_ENABLE_OBJC_ARC = YES;
				CLANG_ENABLE_OBJC_WEAK = YES;
				CLANG_WARN_BLOCK_CAPTURE_AUTORELEASING = YES;
				CLANG_WARN_BOOL_CONVERSION = YES;
				CLANG_WARN_COMMA = YES;
				CLANG_WARN_CONSTANT_CONVERSION = YES;
				CLANG_WARN_DEPRECATED_OBJC_IMPLEMENTATIONS = YES;
				CLANG_WARN_DIRECT_OBJC_ISA_USAGE = YES_ERROR;
				CLANG_WARN_DOCUMENTATION_COMMENTS = YES;
				CLANG_WARN_EMPTY_BODY = YES;
				CLANG_WARN_ENUM_CONVERSION = YES;
				CLANG_WARN_INFINITE_RECURSION = YES;
				CLANG_WARN_INT_CONVERSION = YES;
				CLANG_WARN_NON_LITERAL_NULL_CONVERSION = YES;
				CLANG_WARN_OBJC_IMPLICIT_RETAIN_SELF = YES;
				CLANG_WARN_OBJC_LITERAL_CONVERSION = YES;
				CLANG_WARN_OBJC_ROOT_CLASS = YES_ERROR;
				CLANG_WARN_QUOTED_INCLUDE_IN_FRAMEWORK_HEADER = YES;
				CLANG_WARN_RANGE_LOOP_ANALYSIS = YES;
				CLANG_WARN_STRICT_PROTOTYPES = YES;
				CLANG_WARN_SUSPICIOUS_MOVE = YES;
				CLANG_WARN_UNGUARDED_AVAILABILITY = YES_AGGRESSIVE;
				CLANG_WARN_UNREACHABLE_CODE = YES;
				CLANG_WARN__DUPLICATE_METHOD_MATCH = YES;
				COPY_PHASE_STRIP = NO;
				DEAD_CODE_STRIPPING = YES;
				DEBUG_INFORMATION_FORMAT = "dwarf-with-dsym";
				ENABLE_NS_ASSERTIONS = NO;
				ENABLE_STRICT_OBJC_MSGSEND = YES;
				ENABLE_USER_SCRIPT_SANDBOXING = YES;
				GCC_C_LANGUAGE_STANDARD = gnu17;
				GCC_NO_COMMON_BLOCKS = YES;
				GCC_WARN_64_TO_32_BIT_CONVERSION = YES;
				GCC_WARN_ABOUT_RETURN_TYPE = YES_ERROR;
				GCC_WARN_UNDECLARED_SELECTOR = YES;
				GCC_WARN_UNINITIALIZED_AUTOS = YES_AGGRESSIVE;
				GCC_WARN_UNUSED_FUNCTION = YES;
				GCC_WARN_UNUSED_VARIABLE = YES;
				LOCALIZATION_PREFERS_STRING_CATALOGS = YES;
				MTL_ENABLE_DEBUG_INFO = NO;
				MTL_FAST_MATH = YES;
				STRING_CATALOG_GENERATE_SYMBOLS = YES;
				SWIFT_COMPILATION_MODE = wholemodule;
			};
			name = Release;
		};
		702 /* Debug */ = {
			isa = XCBuildConfiguration;
			buildSettings = {
				ASSETCATALOG_COMPILER_APPICON_NAME = AppIcon;
				ASSETCATALOG_COMPILER_GLOBAL_ACCENT_COLOR_NAME = AccentColor;
				CODE_SIGN_STYLE = Automatic;
				CURRENT_PROJECT_VERSION = 1;
				DEAD_CODE_STRIPPING = YES;
				DEVELOPMENT_TEAM = "";
				ENABLE_PREVIEWS = YES;
				GENERATE_INFOPLIST_FILE = YES;
				INFOPLIST_FILE = RenaissanceArchitectAcademy/Info.plist;
				INFOPLIST_KEY_UIApplicationSceneManifest_Generation = YES;
				INFOPLIST_KEY_UIApplicationSupportsIndirectInputEvents = YES;
				INFOPLIST_KEY_UILaunchScreen_Generation = YES;
				INFOPLIST_KEY_UISupportedInterfaceOrientations_iPad = "UIInterfaceOrientationPortrait UIInterfaceOrientationPortraitUpsideDown UIInterfaceOrientationLandscapeLeft UIInterfaceOrientationLandscapeRight";
				IPHONEOS_DEPLOYMENT_TARGET = 17.0;
				LD_RUNPATH_SEARCH_PATHS = (
					"$(inherited)",
					"@executable_path/Frameworks",
				);
				MACOSX_DEPLOYMENT_TARGET = 14.0;
				MARKETING_VERSION = 1.0;
				PRODUCT_BUNDLE_IDENTIFIER = com.marinapollak.RenaissanceArchitectAcademy;
				PRODUCT_NAME = "$(TARGET_NAME)";
				SDKROOT = auto;
				SUPPORTED_PLATFORMS = "iphoneos iphonesimulator macosx";
				SWIFT_EMIT_LOC_STRINGS = YES;
				SWIFT_VERSION = 5.0;
				TARGETED_DEVICE_FAMILY = 2;
			};
			name = Debug;
		};
		703 /* Release */ = {
			isa = XCBuildConfiguration;
			buildSettings = {
				ASSETCATALOG_COMPILER_APPICON_NAME = AppIcon;
				ASSETCATALOG_COMPILER_GLOBAL_ACCENT_COLOR_NAME = AccentColor;
				CODE_SIGN_STYLE = Automatic;
				CURRENT_PROJECT_VERSION = 1;
				DEAD_CODE_STRIPPING = YES;
				DEVELOPMENT_TEAM = "";
				ENABLE_PREVIEWS = YES;
				GENERATE_INFOPLIST_FILE = YES;
				INFOPLIST_FILE = RenaissanceArchitectAcademy/Info.plist;
				INFOPLIST_KEY_UIApplicationSceneManifest_Generation = YES;
				INFOPLIST_KEY_UIApplicationSupportsIndirectInputEvents = YES;
				INFOPLIST_KEY_UILaunchScreen_Generation = YES;
				INFOPLIST_KEY_UISupportedInterfaceOrientations_iPad = "UIInterfaceOrientationPortrait UIInterfaceOrientationPortraitUpsideDown UIInterfaceOrientationLandscapeLeft UIInterfaceOrientationLandscapeRight";
				IPHONEOS_DEPLOYMENT_TARGET = 17.0;
				LD_RUNPATH_SEARCH_PATHS = (
					"$(inherited)",
					"@executable_path/Frameworks",
				);
				MACOSX_DEPLOYMENT_TARGET = 14.0;
				MARKETING_VERSION = 1.0;
				PRODUCT_BUNDLE_IDENTIFIER = com.marinapollak.RenaissanceArchitectAcademy;
				PRODUCT_NAME = "$(TARGET_NAME)";
				SDKROOT = auto;
				SUPPORTED_PLATFORMS = "iphoneos iphonesimulator macosx";
				SWIFT_EMIT_LOC_STRINGS = YES;
				SWIFT_VERSION = 5.0;
				TARGETED_DEVICE_FAMILY = 2;
			};
			name = Release;
		};
/* End XCBuildConfiguration section */

/* Begin XCConfigurationList section */
		500 /* Build configuration list for PBXNativeTarget "RenaissanceArchitectAcademy" */ = {
			isa = XCConfigurationList;
			buildConfigurations = (
				702 /* Debug */,
				703 /* Release */,
			);
			defaultConfigurationIsVisible = 0;
			defaultConfigurationName = Release;
		};
		601 /* Build configuration list for PBXProject "RenaissanceArchitectAcademy" */ = {
			isa = XCConfigurationList;
			buildConfigurations = (
				700 /* Debug */,
				701 /* Release */,
			);
			defaultConfigurationIsVisible = 0;
			defaultConfigurationName = Release;
		};
/* End XCConfigurationList section */

/* Begin XCRemoteSwiftPackageReference section */
		544299812F32E0F700F92073 /* XCRemoteSwiftPackageReference "Pow" */ = {
			isa = XCRemoteSwiftPackageReference;
			repositoryURL = "https://github.com/EmergeTools/Pow.git";
			requirement = {
				kind = upToNextMajorVersion;
				minimumVersion = 1.0.5;
			};
		};
		544299842F32E11600F92073 /* XCRemoteSwiftPackageReference "Subsonic" */ = {
			isa = XCRemoteSwiftPackageReference;
			repositoryURL = "https://github.com/twostraws/Subsonic.git";
			requirement = {
				kind = upToNextMajorVersion;
				minimumVersion = 0.2.0;
			};
		};
		544299872F32E14D00F92073 /* XCRemoteSwiftPackageReference "Vortex" */ = {
			isa = XCRemoteSwiftPackageReference;
			repositoryURL = "https://github.com/twostraws/Vortex.git";
			requirement = {
				kind = upToNextMajorVersion;
				minimumVersion = 1.0.4;
			};
		};
/* End XCRemoteSwiftPackageReference section */

/* Begin XCSwiftPackageProductDependency section */
		544299822F32E0F700F92073 /* Pow */ = {
			isa = XCSwiftPackageProductDependency;
			package = 544299812F32E0F700F92073 /* XCRemoteSwiftPackageReference "Pow" */;
			productName = Pow;
		};
		544299852F32E11600F92073 /* Subsonic */ = {
			isa = XCSwiftPackageProductDependency;
			package = 544299842F32E11600F92073 /* XCRemoteSwiftPackageReference "Subsonic" */;
			productName = Subsonic;
		};
		544299882F32E14D00F92073 /* Vortex */ = {
			isa = XCSwiftPackageProductDependency;
			package = 544299872F32E14D00F92073 /* XCRemoteSwiftPackageReference "Vortex" */;
			productName = Vortex;
		};
/* End XCSwiftPackageProductDependency section */
	};
	rootObject = 600 /* Project object */;
}
