// !$*UTF8*$!
{
	archiveVersion = 1;
	classes = {
	};
	objectVersion = 56;
	objects = {

/* Begin PBXBuildFile section */
		001 /* RenaissanceArchitectAcademyApp.swift in Sources */ = {isa = PBXBuildFile; fileRef = 101 /* RenaissanceArchitectAcademyApp.swift */; };
		002 /* ContentView.swift in Sources */ = {isa = PBXBuildFile; fileRef = 102 /* ContentView.swift */; };
		003 /* MainMenuView.swift in Sources */ = {isa = PBXBuildFile; fileRef = 103 /* MainMenuView.swift */; };
		004 /* CityView.swift in Sources */ = {isa = PBXBuildFile; fileRef = 104 /* CityView.swift */; };
		005 /* BuildingPlotView.swift in Sources */ = {isa = PBXBuildFile; fileRef = 105 /* BuildingPlotView.swift */; };
		006 /* BuildingDetailOverlay.swift in Sources */ = {isa = PBXBuildFile; fileRef = 106 /* BuildingDetailOverlay.swift */; };
		007 /* CityViewModel.swift in Sources */ = {isa = PBXBuildFile; fileRef = 107 /* CityViewModel.swift */; };
		008 /* Building.swift in Sources */ = {isa = PBXBuildFile; fileRef = 108 /* Building.swift */; };
		009 /* RenaissanceColors.swift in Sources */ = {isa = PBXBuildFile; fileRef = 109 /* RenaissanceColors.swift */; };
		010 /* RenaissanceButton.swift in Sources */ = {isa = PBXBuildFile; fileRef = 110 /* RenaissanceButton.swift */; };
		011 /* SidebarView.swift in Sources */ = {isa = PBXBuildFile; fileRef = 111 /* SidebarView.swift */; };
		015 /* SoundManager.swift in Sources */ = {isa = PBXBuildFile; fileRef = 115 /* SoundManager.swift */; };
		016 /* BloomEffectView.swift in Sources */ = {isa = PBXBuildFile; fileRef = 116 /* BloomEffectView.swift */; };
		017 /* ProfileView.swift in Sources */ = {isa = PBXBuildFile; fileRef = 117 /* ProfileView.swift */; };
		018 /* StudentProfile.swift in Sources */ = {isa = PBXBuildFile; fileRef = 118 /* StudentProfile.swift */; };
		546EE9612F3113EC0075C0E1 /* Vortex in Frameworks */ = {isa = PBXBuildFile; productRef = 546EE9602F3113EC0075C0E1 /* Vortex */; };
		546EE9642F3114010075C0E1 /* Pow in Frameworks */ = {isa = PBXBuildFile; productRef = 546EE9632F3114010075C0E1 /* Pow */; };
		546EE9672F31141D0075C0E1 /* Subsonic in Frameworks */ = {isa = PBXBuildFile; productRef = 546EE9662F31141D0075C0E1 /* Subsonic */; };
		F001 /* Cinzel-Black.ttf in Resources */ = {isa = PBXBuildFile; fileRef = 54477B022F313B22007D8C64 /* Cinzel-Black.ttf */; };
		F002 /* Cinzel-Bold.ttf in Resources */ = {isa = PBXBuildFile; fileRef = 54477B032F313B22007D8C64 /* Cinzel-Bold.ttf */; };
		F003 /* Cinzel-ExtraBold.ttf in Resources */ = {isa = PBXBuildFile; fileRef = 54477B042F313B22007D8C64 /* Cinzel-ExtraBold.ttf */; };
		F004 /* Cinzel-Medium.ttf in Resources */ = {isa = PBXBuildFile; fileRef = 54477B052F313B22007D8C64 /* Cinzel-Medium.ttf */; };
		F005 /* Cinzel-Regular.ttf in Resources */ = {isa = PBXBuildFile; fileRef = 54477B062F313B22007D8C64 /* Cinzel-Regular.ttf */; };
		F006 /* Cinzel-SemiBold.ttf in Resources */ = {isa = PBXBuildFile; fileRef = 54477B072F313B22007D8C64 /* Cinzel-SemiBold.ttf */; };
		F007 /* Cinzel-VariableFont_wght.ttf in Resources */ = {isa = PBXBuildFile; fileRef = 54477B082F313B22007D8C64 /* Cinzel-VariableFont_wght.ttf */; };
		F008 /* EBGaramond-Bold.ttf in Resources */ = {isa = PBXBuildFile; fileRef = 54477B092F313B22007D8C64 /* EBGaramond-Bold.ttf */; };
		F009 /* EBGaramond-BoldItalic.ttf in Resources */ = {isa = PBXBuildFile; fileRef = 54477B0A2F313B22007D8C64 /* EBGaramond-BoldItalic.ttf */; };
		F010 /* EBGaramond-ExtraBold.ttf in Resources */ = {isa = PBXBuildFile; fileRef = 54477B0B2F313B22007D8C64 /* EBGaramond-ExtraBold.ttf */; };
		F011 /* EBGaramond-ExtraBoldItalic.ttf in Resources */ = {isa = PBXBuildFile; fileRef = 54477B0C2F313B22007D8C64 /* EBGaramond-ExtraBoldItalic.ttf */; };
		F012 /* EBGaramond-Italic.ttf in Resources */ = {isa = PBXBuildFile; fileRef = 54477B0D2F313B22007D8C64 /* EBGaramond-Italic.ttf */; };
		F013 /* EBGaramond-Italic-VariableFont_wght.ttf in Resources */ = {isa = PBXBuildFile; fileRef = 54477B0E2F313B22007D8C64 /* EBGaramond-Italic-VariableFont_wght.ttf */; };
		F014 /* EBGaramond-Medium.ttf in Resources */ = {isa = PBXBuildFile; fileRef = 54477B0F2F313B22007D8C64 /* EBGaramond-Medium.ttf */; };
		F015 /* EBGaramond-MediumItalic.ttf in Resources */ = {isa = PBXBuildFile; fileRef = 54477B102F313B22007D8C64 /* EBGaramond-MediumItalic.ttf */; };
		F016 /* EBGaramond-Regular.ttf in Resources */ = {isa = PBXBuildFile; fileRef = 54477B112F313B22007D8C64 /* EBGaramond-Regular.ttf */; };
		F017 /* EBGaramond-SemiBold.ttf in Resources */ = {isa = PBXBuildFile; fileRef = 54477B122F313B22007D8C64 /* EBGaramond-SemiBold.ttf */; };
		F018 /* EBGaramond-SemiBoldItalic.ttf in Resources */ = {isa = PBXBuildFile; fileRef = 54477B132F313B22007D8C64 /* EBGaramond-SemiBoldItalic.ttf */; };
		F019 /* EBGaramond-VariableFont_wght.ttf in Resources */ = {isa = PBXBuildFile; fileRef = 54477B142F313B22007D8C64 /* EBGaramond-VariableFont_wght.ttf */; };
		F020 /* PetitFormalScript-Regular.ttf in Resources */ = {isa = PBXBuildFile; fileRef = 54477B152F313B22007D8C64 /* PetitFormalScript-Regular.ttf */; };
/* End PBXBuildFile section */

/* Begin PBXFileReference section */
		100 /* RenaissanceArchitectAcademy.app */ = {isa = PBXFileReference; explicitFileType = wrapper.application; includeInIndex = 0; path = RenaissanceArchitectAcademy.app; sourceTree = BUILT_PRODUCTS_DIR; };
		101 /* RenaissanceArchitectAcademyApp.swift */ = {isa = PBXFileReference; lastKnownFileType = sourcecode.swift; path = RenaissanceArchitectAcademyApp.swift; sourceTree = "<group>"; };
		102 /* ContentView.swift */ = {isa = PBXFileReference; lastKnownFileType = sourcecode.swift; path = ContentView.swift; sourceTree = "<group>"; };
		103 /* MainMenuView.swift */ = {isa = PBXFileReference; lastKnownFileType = sourcecode.swift; path = MainMenuView.swift; sourceTree = "<group>"; };
		104 /* CityView.swift */ = {isa = PBXFileReference; lastKnownFileType = sourcecode.swift; path = CityView.swift; sourceTree = "<group>"; };
		105 /* BuildingPlotView.swift */ = {isa = PBXFileReference; lastKnownFileType = sourcecode.swift; path = BuildingPlotView.swift; sourceTree = "<group>"; };
		106 /* BuildingDetailOverlay.swift */ = {isa = PBXFileReference; lastKnownFileType = sourcecode.swift; path = BuildingDetailOverlay.swift; sourceTree = "<group>"; };
		107 /* CityViewModel.swift */ = {isa = PBXFileReference; lastKnownFileType = sourcecode.swift; path = CityViewModel.swift; sourceTree = "<group>"; };
		108 /* Building.swift */ = {isa = PBXFileReference; lastKnownFileType = sourcecode.swift; path = Building.swift; sourceTree = "<group>"; };
		109 /* RenaissanceColors.swift */ = {isa = PBXFileReference; lastKnownFileType = sourcecode.swift; path = RenaissanceColors.swift; sourceTree = "<group>"; };
		110 /* RenaissanceButton.swift */ = {isa = PBXFileReference; lastKnownFileType = sourcecode.swift; path = RenaissanceButton.swift; sourceTree = "<group>"; };
		111 /* SidebarView.swift */ = {isa = PBXFileReference; lastKnownFileType = sourcecode.swift; path = SidebarView.swift; sourceTree = "<group>"; };
		115 /* SoundManager.swift */ = {isa = PBXFileReference; lastKnownFileType = sourcecode.swift; path = SoundManager.swift; sourceTree = "<group>"; };
		116 /* BloomEffectView.swift */ = {isa = PBXFileReference; lastKnownFileType = sourcecode.swift; path = BloomEffectView.swift; sourceTree = "<group>"; };
		117 /* ProfileView.swift */ = {isa = PBXFileReference; lastKnownFileType = sourcecode.swift; path = ProfileView.swift; sourceTree = "<group>"; };
		118 /* StudentProfile.swift */ = {isa = PBXFileReference; lastKnownFileType = sourcecode.swift; path = StudentProfile.swift; sourceTree = "<group>"; };
		54477B022F313B22007D8C64 /* Cinzel-Black.ttf */ = {isa = PBXFileReference; lastKnownFileType = file; path = "Cinzel-Black.ttf"; sourceTree = "<group>"; };
		54477B032F313B22007D8C64 /* Cinzel-Bold.ttf */ = {isa = PBXFileReference; lastKnownFileType = file; path = "Cinzel-Bold.ttf"; sourceTree = "<group>"; };
		54477B042F313B22007D8C64 /* Cinzel-ExtraBold.ttf */ = {isa = PBXFileReference; lastKnownFileType = file; path = "Cinzel-ExtraBold.ttf"; sourceTree = "<group>"; };
		54477B052F313B22007D8C64 /* Cinzel-Medium.ttf */ = {isa = PBXFileReference; lastKnownFileType = file; path = "Cinzel-Medium.ttf"; sourceTree = "<group>"; };
		54477B062F313B22007D8C64 /* Cinzel-Regular.ttf */ = {isa = PBXFileReference; lastKnownFileType = file; path = "Cinzel-Regular.ttf"; sourceTree = "<group>"; };
		54477B072F313B22007D8C64 /* Cinzel-SemiBold.ttf */ = {isa = PBXFileReference; lastKnownFileType = file; path = "Cinzel-SemiBold.ttf"; sourceTree = "<group>"; };
		54477B082F313B22007D8C64 /* Cinzel-VariableFont_wght.ttf */ = {isa = PBXFileReference; lastKnownFileType = file; path = "Cinzel-VariableFont_wght.ttf"; sourceTree = "<group>"; };
		54477B092F313B22007D8C64 /* EBGaramond-Bold.ttf */ = {isa = PBXFileReference; lastKnownFileType = file; path = "EBGaramond-Bold.ttf"; sourceTree = "<group>"; };
		54477B0A2F313B22007D8C64 /* EBGaramond-BoldItalic.ttf */ = {isa = PBXFileReference; lastKnownFileType = file; path = "EBGaramond-BoldItalic.ttf"; sourceTree = "<group>"; };
		54477B0B2F313B22007D8C64 /* EBGaramond-ExtraBold.ttf */ = {isa = PBXFileReference; lastKnownFileType = file; path = "EBGaramond-ExtraBold.ttf"; sourceTree = "<group>"; };
		54477B0C2F313B22007D8C64 /* EBGaramond-ExtraBoldItalic.ttf */ = {isa = PBXFileReference; lastKnownFileType = file; path = "EBGaramond-ExtraBoldItalic.ttf"; sourceTree = "<group>"; };
		54477B0D2F313B22007D8C64 /* EBGaramond-Italic.ttf */ = {isa = PBXFileReference; lastKnownFileType = file; path = "EBGaramond-Italic.ttf"; sourceTree = "<group>"; };
		54477B0E2F313B22007D8C64 /* EBGaramond-Italic-VariableFont_wght.ttf */ = {isa = PBXFileReference; lastKnownFileType = file; path = "EBGaramond-Italic-VariableFont_wght.ttf"; sourceTree = "<group>"; };
		54477B0F2F313B22007D8C64 /* EBGaramond-Medium.ttf */ = {isa = PBXFileReference; lastKnownFileType = file; path = "EBGaramond-Medium.ttf"; sourceTree = "<group>"; };
		54477B102F313B22007D8C64 /* EBGaramond-MediumItalic.ttf */ = {isa = PBXFileReference; lastKnownFileType = file; path = "EBGaramond-MediumItalic.ttf"; sourceTree = "<group>"; };
		54477B112F313B22007D8C64 /* EBGaramond-Regular.ttf */ = {isa = PBXFileReference; lastKnownFileType = file; path = "EBGaramond-Regular.ttf"; sourceTree = "<group>"; };
		54477B122F313B22007D8C64 /* EBGaramond-SemiBold.ttf */ = {isa = PBXFileReference; lastKnownFileType = file; path = "EBGaramond-SemiBold.ttf"; sourceTree = "<group>"; };
		54477B132F313B22007D8C64 /* EBGaramond-SemiBoldItalic.ttf */ = {isa = PBXFileReference; lastKnownFileType = file; path = "EBGaramond-SemiBoldItalic.ttf"; sourceTree = "<group>"; };
		54477B142F313B22007D8C64 /* EBGaramond-VariableFont_wght.ttf */ = {isa = PBXFileReference; lastKnownFileType = file; path = "EBGaramond-VariableFont_wght.ttf"; sourceTree = "<group>"; };
		54477B152F313B22007D8C64 /* PetitFormalScript-Regular.ttf */ = {isa = PBXFileReference; lastKnownFileType = file; path = "PetitFormalScript-Regular.ttf"; sourceTree = "<group>"; };
		54477B172F313D06007D8C64 /* Info.plist */ = {isa = PBXFileReference; lastKnownFileType = text.plist.xml; path = Info.plist; sourceTree = "<group>"; };
/* End PBXFileReference section */

/* Begin PBXFrameworksBuildPhase section */
		200 /* Frameworks */ = {
			isa = PBXFrameworksBuildPhase;
			buildActionMask = 2147483647;
			files = (
				546EE9672F31141D0075C0E1 /* Subsonic in Frameworks */,
				546EE9612F3113EC0075C0E1 /* Vortex in Frameworks */,
				546EE9642F3114010075C0E1 /* Pow in Frameworks */,
			);
			runOnlyForDeploymentPostprocessing = 0;
		};
/* End PBXFrameworksBuildPhase section */

/* Begin PBXGroup section */
		300 = {
			isa = PBXGroup;
			children = (
				301 /* RenaissanceArchitectAcademy */,
				302 /* Products */,
			);
			sourceTree = "<group>";
		};
		301 /* RenaissanceArchitectAcademy */ = {
			isa = PBXGroup;
			children = (
				54477B172F313D06007D8C64 /* Info.plist */,
				54477B162F313B22007D8C64 /* Fonts */,
				101 /* RenaissanceArchitectAcademyApp.swift */,
				303 /* Views */,
				304 /* ViewModels */,
				305 /* Models */,
				306 /* Styles */,
				307 /* Services */,
			);
			path = RenaissanceArchitectAcademy;
			sourceTree = "<group>";
		};
		302 /* Products */ = {
			isa = PBXGroup;
			children = (
				100 /* RenaissanceArchitectAcademy.app */,
			);
			name = Products;
			sourceTree = "<group>";
		};
		303 /* Views */ = {
			isa = PBXGroup;
			children = (
				102 /* ContentView.swift */,
				103 /* MainMenuView.swift */,
				104 /* CityView.swift */,
				105 /* BuildingPlotView.swift */,
				106 /* BuildingDetailOverlay.swift */,
				111 /* SidebarView.swift */,
				116 /* BloomEffectView.swift */,
				117 /* ProfileView.swift */,
			);
			path = Views;
			sourceTree = "<group>";
		};
		304 /* ViewModels */ = {
			isa = PBXGroup;
			children = (
				107 /* CityViewModel.swift */,
			);
			path = ViewModels;
			sourceTree = "<group>";
		};
		305 /* Models */ = {
			isa = PBXGroup;
			children = (
				108 /* Building.swift */,
				118 /* StudentProfile.swift */,
			);
			path = Models;
			sourceTree = "<group>";
		};
		306 /* Styles */ = {
			isa = PBXGroup;
			children = (
				109 /* RenaissanceColors.swift */,
				110 /* RenaissanceButton.swift */,
			);
			path = Styles;
			sourceTree = "<group>";
		};
		307 /* Services */ = {
			isa = PBXGroup;
			children = (
				115 /* SoundManager.swift */,
			);
			path = Services;
			sourceTree = "<group>";
		};
		54477B162F313B22007D8C64 /* Fonts */ = {
			isa = PBXGroup;
			children = (
				54477B022F313B22007D8C64 /* Cinzel-Black.ttf */,
				54477B032F313B22007D8C64 /* Cinzel-Bold.ttf */,
				54477B042F313B22007D8C64 /* Cinzel-ExtraBold.ttf */,
				54477B052F313B22007D8C64 /* Cinzel-Medium.ttf */,
				54477B062F313B22007D8C64 /* Cinzel-Regular.ttf */,
				54477B072F313B22007D8C64 /* Cinzel-SemiBold.ttf */,
				54477B082F313B22007D8C64 /* Cinzel-VariableFont_wght.ttf */,
				54477B092F313B22007D8C64 /* EBGaramond-Bold.ttf */,
				54477B0A2F313B22007D8C64 /* EBGaramond-BoldItalic.ttf */,
				54477B0B2F313B22007D8C64 /* EBGaramond-ExtraBold.ttf */,
				54477B0C2F313B22007D8C64 /* EBGaramond-ExtraBoldItalic.ttf */,
				54477B0D2F313B22007D8C64 /* EBGaramond-Italic.ttf */,
				54477B0E2F313B22007D8C64 /* EBGaramond-Italic-VariableFont_wght.ttf */,
				54477B0F2F313B22007D8C64 /* EBGaramond-Medium.ttf */,
				54477B102F313B22007D8C64 /* EBGaramond-MediumItalic.ttf */,
				54477B112F313B22007D8C64 /* EBGaramond-Regular.ttf */,
				54477B122F313B22007D8C64 /* EBGaramond-SemiBold.ttf */,
				54477B132F313B22007D8C64 /* EBGaramond-SemiBoldItalic.ttf */,
				54477B142F313B22007D8C64 /* EBGaramond-VariableFont_wght.ttf */,
				54477B152F313B22007D8C64 /* PetitFormalScript-Regular.ttf */,
			);
			path = Fonts;
			sourceTree = "<group>";
		};
/* End PBXGroup section */

/* Begin PBXResourcesBuildPhase section */
		402 /* Resources */ = {
			isa = PBXResourcesBuildPhase;
			buildActionMask = 2147483647;
			files = (
				F001 /* Cinzel-Black.ttf in Resources */,
				F002 /* Cinzel-Bold.ttf in Resources */,
				F003 /* Cinzel-ExtraBold.ttf in Resources */,
				F004 /* Cinzel-Medium.ttf in Resources */,
				F005 /* Cinzel-Regular.ttf in Resources */,
				F006 /* Cinzel-SemiBold.ttf in Resources */,
				F007 /* Cinzel-VariableFont_wght.ttf in Resources */,
				F008 /* EBGaramond-Bold.ttf in Resources */,
				F009 /* EBGaramond-BoldItalic.ttf in Resources */,
				F010 /* EBGaramond-ExtraBold.ttf in Resources */,
				F011 /* EBGaramond-ExtraBoldItalic.ttf in Resources */,
				F012 /* EBGaramond-Italic.ttf in Resources */,
				F013 /* EBGaramond-Italic-VariableFont_wght.ttf in Resources */,
				F014 /* EBGaramond-Medium.ttf in Resources */,
				F015 /* EBGaramond-MediumItalic.ttf in Resources */,
				F016 /* EBGaramond-Regular.ttf in Resources */,
				F017 /* EBGaramond-SemiBold.ttf in Resources */,
				F018 /* EBGaramond-SemiBoldItalic.ttf in Resources */,
				F019 /* EBGaramond-VariableFont_wght.ttf in Resources */,
				F020 /* PetitFormalScript-Regular.ttf in Resources */,
			);
			runOnlyForDeploymentPostprocessing = 0;
		};
/* End PBXResourcesBuildPhase section */

/* Begin PBXNativeTarget section */
		400 /* RenaissanceArchitectAcademy */ = {
			isa = PBXNativeTarget;
			buildConfigurationList = 500 /* Build configuration list for PBXNativeTarget "RenaissanceArchitectAcademy" */;
			buildPhases = (
				401 /* Sources */,
				200 /* Frameworks */,
				402 /* Resources */,
			);
			buildRules = (
			);
			dependencies = (
			);
			name = RenaissanceArchitectAcademy;
			productName = RenaissanceArchitectAcademy;
			productReference = 100 /* RenaissanceArchitectAcademy.app */;
			productType = "com.apple.product-type.application";
		};
/* End PBXNativeTarget section */

/* Begin PBXProject section */
		600 /* Project object */ = {
			isa = PBXProject;
			attributes = {
				BuildIndependentTargetsInParallel = 1;
				LastSwiftUpdateCheck = 1520;
				LastUpgradeCheck = 1520;
				TargetAttributes = {
					400 = {
						CreatedOnToolsVersion = 15.2;
					};
				};
			};
			buildConfigurationList = 601 /* Build configuration list for PBXProject "RenaissanceArchitectAcademy" */;
			compatibilityVersion = "Xcode 14.0";
			developmentRegion = en;
			hasScannedForEncodings = 0;
			knownRegions = (
				en,
				Base,
			);
			mainGroup = 300;
			packageReferences = (
				546EE95F2F3113EC0075C0E1 /* XCRemoteSwiftPackageReference "Vortex" */,
				546EE9622F3114010075C0E1 /* XCRemoteSwiftPackageReference "Pow" */,
				546EE9652F31141D0075C0E1 /* XCRemoteSwiftPackageReference "Subsonic" */,
			);
			productRefGroup = 302 /* Products */;
			projectDirPath = "";
			projectRoot = "";
			targets = (
				400 /* RenaissanceArchitectAcademy */,
			);
		};
/* End PBXProject section */

/* Begin PBXSourcesBuildPhase section */
		401 /* Sources */ = {
			isa = PBXSourcesBuildPhase;
			buildActionMask = 2147483647;
			files = (
				001 /* RenaissanceArchitectAcademyApp.swift in Sources */,
				002 /* ContentView.swift in Sources */,
				003 /* MainMenuView.swift in Sources */,
				004 /* CityView.swift in Sources */,
				005 /* BuildingPlotView.swift in Sources */,
				006 /* BuildingDetailOverlay.swift in Sources */,
				007 /* CityViewModel.swift in Sources */,
				008 /* Building.swift in Sources */,
				009 /* RenaissanceColors.swift in Sources */,
				010 /* RenaissanceButton.swift in Sources */,
				011 /* SidebarView.swift in Sources */,
				015 /* SoundManager.swift in Sources */,
				016 /* BloomEffectView.swift in Sources */,
				017 /* ProfileView.swift in Sources */,
				018 /* StudentProfile.swift in Sources */,
			);
			runOnlyForDeploymentPostprocessing = 0;
		};
/* End PBXSourcesBuildPhase section */

/* Begin XCBuildConfiguration section */
		700 /* Debug */ = {
			isa = XCBuildConfiguration;
			buildSettings = {
				ALWAYS_SEARCH_USER_PATHS = NO;
				ASSETCATALOG_COMPILER_GENERATE_SWIFT_ASSET_SYMBOL_EXTENSIONS = YES;
				CLANG_ANALYZER_NONNULL = YES;
				CLANG_ANALYZER_NUMBER_OBJECT_CONVERSION = YES_AGGRESSIVE;
				CLANG_CXX_LANGUAGE_STANDARD = "gnu++20";
				CLANG_ENABLE_MODULES = YES;
				CLANG_ENABLE_OBJC_ARC = YES;
				CLANG_ENABLE_OBJC_WEAK = YES;
				CLANG_WARN_BLOCK_CAPTURE_AUTORELEASING = YES;
				CLANG_WARN_BOOL_CONVERSION = YES;
				CLANG_WARN_COMMA = YES;
				CLANG_WARN_CONSTANT_CONVERSION = YES;
				CLANG_WARN_DEPRECATED_OBJC_IMPLEMENTATIONS = YES;
				CLANG_WARN_DIRECT_OBJC_ISA_USAGE = YES_ERROR;
				CLANG_WARN_DOCUMENTATION_COMMENTS = YES;
				CLANG_WARN_EMPTY_BODY = YES;
				CLANG_WARN_ENUM_CONVERSION = YES;
				CLANG_WARN_INFINITE_RECURSION = YES;
				CLANG_WARN_INT_CONVERSION = YES;
				CLANG_WARN_NON_LITERAL_NULL_CONVERSION = YES;
				CLANG_WARN_OBJC_IMPLICIT_RETAIN_SELF = YES;
				CLANG_WARN_OBJC_LITERAL_CONVERSION = YES;
				CLANG_WARN_OBJC_ROOT_CLASS = YES_ERROR;
				CLANG_WARN_QUOTED_INCLUDE_IN_FRAMEWORK_HEADER = YES;
				CLANG_WARN_RANGE_LOOP_ANALYSIS = YES;
				CLANG_WARN_STRICT_PROTOTYPES = YES;
				CLANG_WARN_SUSPICIOUS_MOVE = YES;
				CLANG_WARN_UNGUARDED_AVAILABILITY = YES_AGGRESSIVE;
				CLANG_WARN_UNREACHABLE_CODE = YES;
				CLANG_WARN__DUPLICATE_METHOD_MATCH = YES;
				COPY_PHASE_STRIP = NO;
				DEBUG_INFORMATION_FORMAT = dwarf;
				ENABLE_STRICT_OBJC_MSGSEND = YES;
				ENABLE_TESTABILITY = YES;
				ENABLE_USER_SCRIPT_SANDBOXING = YES;
				GCC_C_LANGUAGE_STANDARD = gnu17;
				GCC_DYNAMIC_NO_PIC = NO;
				GCC_NO_COMMON_BLOCKS = YES;
				GCC_OPTIMIZATION_LEVEL = 0;
				GCC_PREPROCESSOR_DEFINITIONS = (
					"DEBUG=1",
					"$(inherited)",
				);
				GCC_WARN_64_TO_32_BIT_CONVERSION = YES;
				GCC_WARN_ABOUT_RETURN_TYPE = YES_ERROR;
				GCC_WARN_UNDECLARED_SELECTOR = YES;
				GCC_WARN_UNINITIALIZED_AUTOS = YES_AGGRESSIVE;
				GCC_WARN_UNUSED_FUNCTION = YES;
				GCC_WARN_UNUSED_VARIABLE = YES;
				LOCALIZATION_PREFERS_STRING_CATALOGS = YES;
				MTL_ENABLE_DEBUG_INFO = INCLUDE_SOURCE;
				MTL_FAST_MATH = YES;
				ONLY_ACTIVE_ARCH = YES;
				SWIFT_ACTIVE_COMPILATION_CONDITIONS = "DEBUG $(inherited)";
				SWIFT_OPTIMIZATION_LEVEL = "-Onone";
			};
			name = Debug;
		};
		701 /* Release */ = {
			isa = XCBuildConfiguration;
			buildSettings = {
				ALWAYS_SEARCH_USER_PATHS = NO;
				ASSETCATALOG_COMPILER_GENERATE_SWIFT_ASSET_SYMBOL_EXTENSIONS = YES;
				CLANG_ANALYZER_NONNULL = YES;
				CLANG_ANALYZER_NUMBER_OBJECT_CONVERSION = YES_AGGRESSIVE;
				CLANG_CXX_LANGUAGE_STANDARD = "gnu++20";
				CLANG_ENABLE_MODULES = YES;
				CLANG_ENABLE_OBJC_ARC = YES;
				CLANG_ENABLE_OBJC_WEAK = YES;
				CLANG_WARN_BLOCK_CAPTURE_AUTORELEASING = YES;
				CLANG_WARN_BOOL_CONVERSION = YES;
				CLANG_WARN_COMMA = YES;
				CLANG_WARN_CONSTANT_CONVERSION = YES;
				CLANG_WARN_DEPRECATED_OBJC_IMPLEMENTATIONS = YES;
				CLANG_WARN_DIRECT_OBJC_ISA_USAGE = YES_ERROR;
				CLANG_WARN_DOCUMENTATION_COMMENTS = YES;
				CLANG_WARN_EMPTY_BODY = YES;
				CLANG_WARN_ENUM_CONVERSION = YES;
				CLANG_WARN_INFINITE_RECURSION = YES;
				CLANG_WARN_INT_CONVERSION = YES;
				CLANG_WARN_NON_LITERAL_NULL_CONVERSION = YES;
				CLANG_WARN_OBJC_IMPLICIT_RETAIN_SELF = YES;
				CLANG_WARN_OBJC_LITERAL_CONVERSION = YES;
				CLANG_WARN_OBJC_ROOT_CLASS = YES_ERROR;
				CLANG_WARN_QUOTED_INCLUDE_IN_FRAMEWORK_HEADER = YES;
				CLANG_WARN_RANGE_LOOP_ANALYSIS = YES;
				CLANG_WARN_STRICT_PROTOTYPES = YES;
				CLANG_WARN_SUSPICIOUS_MOVE = YES;
				CLANG_WARN_UNGUARDED_AVAILABILITY = YES_AGGRESSIVE;
				CLANG_WARN_UNREACHABLE_CODE = YES;
				CLANG_WARN__DUPLICATE_METHOD_MATCH = YES;
				COPY_PHASE_STRIP = NO;
				DEBUG_INFORMATION_FORMAT = "dwarf-with-dsym";
				ENABLE_NS_ASSERTIONS = NO;
				ENABLE_STRICT_OBJC_MSGSEND = YES;
				ENABLE_USER_SCRIPT_SANDBOXING = YES;
				GCC_C_LANGUAGE_STANDARD = gnu17;
				GCC_NO_COMMON_BLOCKS = YES;
				GCC_WARN_64_TO_32_BIT_CONVERSION = YES;
				GCC_WARN_ABOUT_RETURN_TYPE = YES_ERROR;
				GCC_WARN_UNDECLARED_SELECTOR = YES;
				GCC_WARN_UNINITIALIZED_AUTOS = YES_AGGRESSIVE;
				GCC_WARN_UNUSED_FUNCTION = YES;
				GCC_WARN_UNUSED_VARIABLE = YES;
				LOCALIZATION_PREFERS_STRING_CATALOGS = YES;
				MTL_ENABLE_DEBUG_INFO = NO;
				MTL_FAST_MATH = YES;
				SWIFT_COMPILATION_MODE = wholemodule;
			};
			name = Release;
		};
		702 /* Debug */ = {
			isa = XCBuildConfiguration;
			buildSettings = {
				ASSETCATALOG_COMPILER_APPICON_NAME = AppIcon;
				ASSETCATALOG_COMPILER_GLOBAL_ACCENT_COLOR_NAME = AccentColor;
				CODE_SIGN_STYLE = Automatic;
				CURRENT_PROJECT_VERSION = 1;
				DEVELOPMENT_TEAM = "";
				ENABLE_PREVIEWS = YES;
				GENERATE_INFOPLIST_FILE = YES;
				INFOPLIST_FILE = RenaissanceArchitectAcademy/Info.plist;
				INFOPLIST_KEY_UIApplicationSceneManifest_Generation = YES;
				INFOPLIST_KEY_UIApplicationSupportsIndirectInputEvents = YES;
				INFOPLIST_KEY_UILaunchScreen_Generation = YES;
				INFOPLIST_KEY_UISupportedInterfaceOrientations_iPad = "UIInterfaceOrientationPortrait UIInterfaceOrientationPortraitUpsideDown UIInterfaceOrientationLandscapeLeft UIInterfaceOrientationLandscapeRight";
				IPHONEOS_DEPLOYMENT_TARGET = 17.0;
				LD_RUNPATH_SEARCH_PATHS = (
					"$(inherited)",
					"@executable_path/Frameworks",
				);
				MACOSX_DEPLOYMENT_TARGET = 14.0;
				MARKETING_VERSION = 1.0;
				PRODUCT_BUNDLE_IDENTIFIER = com.marinapollak.RenaissanceArchitectAcademy;
				PRODUCT_NAME = "$(TARGET_NAME)";
				SDKROOT = auto;
				SUPPORTED_PLATFORMS = "iphoneos iphonesimulator macosx";
				SWIFT_EMIT_LOC_STRINGS = YES;
				SWIFT_VERSION = 5.0;
				TARGETED_DEVICE_FAMILY = 2;
			};
			name = Debug;
		};
		703 /* Release */ = {
			isa = XCBuildConfiguration;
			buildSettings = {
				ASSETCATALOG_COMPILER_APPICON_NAME = AppIcon;
				ASSETCATALOG_COMPILER_GLOBAL_ACCENT_COLOR_NAME = AccentColor;
				CODE_SIGN_STYLE = Automatic;
				CURRENT_PROJECT_VERSION = 1;
				DEVELOPMENT_TEAM = "";
				ENABLE_PREVIEWS = YES;
				GENERATE_INFOPLIST_FILE = YES;
				INFOPLIST_FILE = RenaissanceArchitectAcademy/Info.plist;
				INFOPLIST_KEY_UIApplicationSceneManifest_Generation = YES;
				INFOPLIST_KEY_UIApplicationSupportsIndirectInputEvents = YES;
				INFOPLIST_KEY_UILaunchScreen_Generation = YES;
				INFOPLIST_KEY_UISupportedInterfaceOrientations_iPad = "UIInterfaceOrientationPortrait UIInterfaceOrientationPortraitUpsideDown UIInterfaceOrientationLandscapeLeft UIInterfaceOrientationLandscapeRight";
				IPHONEOS_DEPLOYMENT_TARGET = 17.0;
				LD_RUNPATH_SEARCH_PATHS = (
					"$(inherited)",
					"@executable_path/Frameworks",
				);
				MACOSX_DEPLOYMENT_TARGET = 14.0;
				MARKETING_VERSION = 1.0;
				PRODUCT_BUNDLE_IDENTIFIER = com.marinapollak.RenaissanceArchitectAcademy;
				PRODUCT_NAME = "$(TARGET_NAME)";
				SDKROOT = auto;
				SUPPORTED_PLATFORMS = "iphoneos iphonesimulator macosx";
				SWIFT_EMIT_LOC_STRINGS = YES;
				SWIFT_VERSION = 5.0;
				TARGETED_DEVICE_FAMILY = 2;
			};
			name = Release;
		};
/* End XCBuildConfiguration section */

/* Begin XCConfigurationList section */
		500 /* Build configuration list for PBXNativeTarget "RenaissanceArchitectAcademy" */ = {
			isa = XCConfigurationList;
			buildConfigurations = (
				702 /* Debug */,
				703 /* Release */,
			);
			defaultConfigurationIsVisible = 0;
			defaultConfigurationName = Release;
		};
		601 /* Build configuration list for PBXProject "RenaissanceArchitectAcademy" */ = {
			isa = XCConfigurationList;
			buildConfigurations = (
				700 /* Debug */,
				701 /* Release */,
			);
			defaultConfigurationIsVisible = 0;
			defaultConfigurationName = Release;
		};
/* End XCConfigurationList section */

/* Begin XCRemoteSwiftPackageReference section */
		546EE95F2F3113EC0075C0E1 /* XCRemoteSwiftPackageReference "Vortex" */ = {
			isa = XCRemoteSwiftPackageReference;
			repositoryURL = "https://github.com/twostraws/Vortex.git";
			requirement = {
				kind = upToNextMajorVersion;
				minimumVersion = 1.0.4;
			};
		};
		546EE9622F3114010075C0E1 /* XCRemoteSwiftPackageReference "Pow" */ = {
			isa = XCRemoteSwiftPackageReference;
			repositoryURL = "https://github.com/EmergeTools/Pow.git";
			requirement = {
				kind = upToNextMajorVersion;
				minimumVersion = 1.0.5;
			};
		};
		546EE9652F31141D0075C0E1 /* XCRemoteSwiftPackageReference "Subsonic" */ = {
			isa = XCRemoteSwiftPackageReference;
			repositoryURL = "https://github.com/twostraws/Subsonic.git";
			requirement = {
				kind = upToNextMajorVersion;
				minimumVersion = 0.2.0;
			};
		};
/* End XCRemoteSwiftPackageReference section */

/* Begin XCSwiftPackageProductDependency section */
		546EE9602F3113EC0075C0E1 /* Vortex */ = {
			isa = XCSwiftPackageProductDependency;
			package = 546EE95F2F3113EC0075C0E1 /* XCRemoteSwiftPackageReference "Vortex" */;
			productName = Vortex;
		};
		546EE9632F3114010075C0E1 /* Pow */ = {
			isa = XCSwiftPackageProductDependency;
			package = 546EE9622F3114010075C0E1 /* XCRemoteSwiftPackageReference "Pow" */;
			productName = Pow;
		};
		546EE9662F31141D0075C0E1 /* Subsonic */ = {
			isa = XCSwiftPackageProductDependency;
			package = 546EE9652F31141D0075C0E1 /* XCRemoteSwiftPackageReference "Subsonic" */;
			productName = Subsonic;
		};
/* End XCSwiftPackageProductDependency section */
	};
	rootObject = 600 /* Project object */;
}
